// !$*UTF8*$!
{
	archiveVersion = 1;
	classes = {
	};
	objectVersion = 48;
	objects = {

/* Begin PBXBuildFile section */
		0A50C711472D55C6FF7F3BE5 /* Pods_HungryPals.framework in Frameworks */ = {isa = PBXBuildFile; fileRef = AD1DBCBEBF78EB409D1587BA /* Pods_HungryPals.framework */; };
		1F1037612050F2D400473842 /* Lato-Bold.ttf in Resources */ = {isa = PBXBuildFile; fileRef = 1F1037602050F2D400473842 /* Lato-Bold.ttf */; };
		1F11CFC6205477D300F06DA6 /* HomeViewController.swift in Sources */ = {isa = PBXBuildFile; fileRef = 1F11CFC5205477D300F06DA6 /* HomeViewController.swift */; };
		1F11CFCA20565BF500F06DA6 /* Lobster-Regular.ttf in Resources */ = {isa = PBXBuildFile; fileRef = 1F11CFC920565BF500F06DA6 /* Lobster-Regular.ttf */; };
		1F3A763A204D249600E8A34A /* PostViewController.swift in Sources */ = {isa = PBXBuildFile; fileRef = 1F3A7639204D249600E8A34A /* PostViewController.swift */; };
		1F773A652050A5BD000F14DA /* DataModels.swift in Sources */ = {isa = PBXBuildFile; fileRef = 1F773A642050A5BD000F14DA /* DataModels.swift */; };
		9D0A763BD98B0D20B2B43499 /* Pods_HungryPalsUITests.framework in Frameworks */ = {isa = PBXBuildFile; fileRef = 737D687A4DF746EDF3E84E37 /* Pods_HungryPalsUITests.framework */; };
		C763BB19EABC1ACD47056331 /* Pods_HungryPalsTests.framework in Frameworks */ = {isa = PBXBuildFile; fileRef = 33404378F1D8281CD0A6FD59 /* Pods_HungryPalsTests.framework */; };
		F630868D20477EEB000AF99F /* AppDelegate.swift in Sources */ = {isa = PBXBuildFile; fileRef = F630868C20477EEB000AF99F /* AppDelegate.swift */; };
		F630869420477EEB000AF99F /* Main.storyboard in Resources */ = {isa = PBXBuildFile; fileRef = F630869220477EEB000AF99F /* Main.storyboard */; };
		F630869620477EEB000AF99F /* Assets.xcassets in Resources */ = {isa = PBXBuildFile; fileRef = F630869520477EEB000AF99F /* Assets.xcassets */; };
		F630869920477EEB000AF99F /* LaunchScreen.storyboard in Resources */ = {isa = PBXBuildFile; fileRef = F630869720477EEB000AF99F /* LaunchScreen.storyboard */; };
		F63086A420477EEB000AF99F /* HungryPalsTests.swift in Sources */ = {isa = PBXBuildFile; fileRef = F63086A320477EEB000AF99F /* HungryPalsTests.swift */; };
		F63086AF20477EEB000AF99F /* HungryPalsUITests.swift in Sources */ = {isa = PBXBuildFile; fileRef = F63086AE20477EEB000AF99F /* HungryPalsUITests.swift */; };
		F63086BD2047806D000AF99F /* ThirdViewController.swift in Sources */ = {isa = PBXBuildFile; fileRef = F63086BC2047806D000AF99F /* ThirdViewController.swift */; };
/* End PBXBuildFile section */

/* Begin PBXContainerItemProxy section */
		F63086A020477EEB000AF99F /* PBXContainerItemProxy */ = {
			isa = PBXContainerItemProxy;
			containerPortal = F630868120477EEB000AF99F /* Project object */;
			proxyType = 1;
			remoteGlobalIDString = F630868820477EEB000AF99F;
			remoteInfo = HungryPals;
		};
		F63086AB20477EEB000AF99F /* PBXContainerItemProxy */ = {
			isa = PBXContainerItemProxy;
			containerPortal = F630868120477EEB000AF99F /* Project object */;
			proxyType = 1;
			remoteGlobalIDString = F630868820477EEB000AF99F;
			remoteInfo = HungryPals;
		};
/* End PBXContainerItemProxy section */

/* Begin PBXFileReference section */
		1F1037602050F2D400473842 /* Lato-Bold.ttf */ = {isa = PBXFileReference; lastKnownFileType = file; path = "Lato-Bold.ttf"; sourceTree = "<group>"; };
		1F1037622050F2D800473842 /* Lato-Semibold.ttf */ = {isa = PBXFileReference; lastKnownFileType = file; path = "Lato-Semibold.ttf"; sourceTree = "<group>"; };
		1F11CFC5205477D300F06DA6 /* HomeViewController.swift */ = {isa = PBXFileReference; lastKnownFileType = sourcecode.swift; path = HomeViewController.swift; sourceTree = "<group>"; };
		1F11CFC920565BF500F06DA6 /* Lobster-Regular.ttf */ = {isa = PBXFileReference; lastKnownFileType = file; path = "Lobster-Regular.ttf"; sourceTree = "<group>"; };
		1F3A7639204D249600E8A34A /* PostViewController.swift */ = {isa = PBXFileReference; lastKnownFileType = sourcecode.swift; path = PostViewController.swift; sourceTree = "<group>"; };
		1F773A642050A5BD000F14DA /* DataModels.swift */ = {isa = PBXFileReference; lastKnownFileType = sourcecode.swift; path = DataModels.swift; sourceTree = "<group>"; };
		29862B54CA84EC7312A39D62 /* Pods-HungryPals.debug.xcconfig */ = {isa = PBXFileReference; includeInIndex = 1; lastKnownFileType = text.xcconfig; name = "Pods-HungryPals.debug.xcconfig"; path = "Pods/Target Support Files/Pods-HungryPals/Pods-HungryPals.debug.xcconfig"; sourceTree = "<group>"; };
		32A5C3C62E5E55A70BC4943D /* Pods-HungryPalsTests.release.xcconfig */ = {isa = PBXFileReference; includeInIndex = 1; lastKnownFileType = text.xcconfig; name = "Pods-HungryPalsTests.release.xcconfig"; path = "Pods/Target Support Files/Pods-HungryPalsTests/Pods-HungryPalsTests.release.xcconfig"; sourceTree = "<group>"; };
		33404378F1D8281CD0A6FD59 /* Pods_HungryPalsTests.framework */ = {isa = PBXFileReference; explicitFileType = wrapper.framework; includeInIndex = 0; path = Pods_HungryPalsTests.framework; sourceTree = BUILT_PRODUCTS_DIR; };
		50AE2765A44F5BB658B34643 /* Pods-HungryPalsUITests.debug.xcconfig */ = {isa = PBXFileReference; includeInIndex = 1; lastKnownFileType = text.xcconfig; name = "Pods-HungryPalsUITests.debug.xcconfig"; path = "Pods/Target Support Files/Pods-HungryPalsUITests/Pods-HungryPalsUITests.debug.xcconfig"; sourceTree = "<group>"; };
		737D687A4DF746EDF3E84E37 /* Pods_HungryPalsUITests.framework */ = {isa = PBXFileReference; explicitFileType = wrapper.framework; includeInIndex = 0; path = Pods_HungryPalsUITests.framework; sourceTree = BUILT_PRODUCTS_DIR; };
		960BA462E1AC94DA270B2922 /* Pods-HungryPals.release.xcconfig */ = {isa = PBXFileReference; includeInIndex = 1; lastKnownFileType = text.xcconfig; name = "Pods-HungryPals.release.xcconfig"; path = "Pods/Target Support Files/Pods-HungryPals/Pods-HungryPals.release.xcconfig"; sourceTree = "<group>"; };
		AD1DBCBEBF78EB409D1587BA /* Pods_HungryPals.framework */ = {isa = PBXFileReference; explicitFileType = wrapper.framework; includeInIndex = 0; path = Pods_HungryPals.framework; sourceTree = BUILT_PRODUCTS_DIR; };
		AEA442102202712BCD33DC76 /* Pods-HungryPalsTests.debug.xcconfig */ = {isa = PBXFileReference; includeInIndex = 1; lastKnownFileType = text.xcconfig; name = "Pods-HungryPalsTests.debug.xcconfig"; path = "Pods/Target Support Files/Pods-HungryPalsTests/Pods-HungryPalsTests.debug.xcconfig"; sourceTree = "<group>"; };
		DEEABC133372AE9BA97D5474 /* Pods-HungryPalsUITests.release.xcconfig */ = {isa = PBXFileReference; includeInIndex = 1; lastKnownFileType = text.xcconfig; name = "Pods-HungryPalsUITests.release.xcconfig"; path = "Pods/Target Support Files/Pods-HungryPalsUITests/Pods-HungryPalsUITests.release.xcconfig"; sourceTree = "<group>"; };
		F630868920477EEB000AF99F /* HungryPals.app */ = {isa = PBXFileReference; explicitFileType = wrapper.application; includeInIndex = 0; path = HungryPals.app; sourceTree = BUILT_PRODUCTS_DIR; };
		F630868C20477EEB000AF99F /* AppDelegate.swift */ = {isa = PBXFileReference; lastKnownFileType = sourcecode.swift; path = AppDelegate.swift; sourceTree = "<group>"; };
		F630869320477EEB000AF99F /* Base */ = {isa = PBXFileReference; lastKnownFileType = file.storyboard; name = Base; path = Base.lproj/Main.storyboard; sourceTree = "<group>"; };
		F630869520477EEB000AF99F /* Assets.xcassets */ = {isa = PBXFileReference; lastKnownFileType = folder.assetcatalog; path = Assets.xcassets; sourceTree = "<group>"; };
		F630869820477EEB000AF99F /* Base */ = {isa = PBXFileReference; lastKnownFileType = file.storyboard; name = Base; path = Base.lproj/LaunchScreen.storyboard; sourceTree = "<group>"; };
		F630869A20477EEB000AF99F /* Info.plist */ = {isa = PBXFileReference; lastKnownFileType = text.plist.xml; path = Info.plist; sourceTree = "<group>"; };
		F630869F20477EEB000AF99F /* HungryPalsTests.xctest */ = {isa = PBXFileReference; explicitFileType = wrapper.cfbundle; includeInIndex = 0; path = HungryPalsTests.xctest; sourceTree = BUILT_PRODUCTS_DIR; };
		F63086A320477EEB000AF99F /* HungryPalsTests.swift */ = {isa = PBXFileReference; lastKnownFileType = sourcecode.swift; path = HungryPalsTests.swift; sourceTree = "<group>"; };
		F63086A520477EEB000AF99F /* Info.plist */ = {isa = PBXFileReference; lastKnownFileType = text.plist.xml; path = Info.plist; sourceTree = "<group>"; };
		F63086AA20477EEB000AF99F /* HungryPalsUITests.xctest */ = {isa = PBXFileReference; explicitFileType = wrapper.cfbundle; includeInIndex = 0; path = HungryPalsUITests.xctest; sourceTree = BUILT_PRODUCTS_DIR; };
		F63086AE20477EEB000AF99F /* HungryPalsUITests.swift */ = {isa = PBXFileReference; lastKnownFileType = sourcecode.swift; path = HungryPalsUITests.swift; sourceTree = "<group>"; };
		F63086B020477EEB000AF99F /* Info.plist */ = {isa = PBXFileReference; lastKnownFileType = text.plist.xml; path = Info.plist; sourceTree = "<group>"; };
		F63086BC2047806D000AF99F /* ThirdViewController.swift */ = {isa = PBXFileReference; lastKnownFileType = sourcecode.swift; path = ThirdViewController.swift; sourceTree = "<group>"; };
/* End PBXFileReference section */

/* Begin PBXFrameworksBuildPhase section */
		F630868620477EEB000AF99F /* Frameworks */ = {
			isa = PBXFrameworksBuildPhase;
			buildActionMask = 2147483647;
			files = (
				0A50C711472D55C6FF7F3BE5 /* Pods_HungryPals.framework in Frameworks */,
			);
			runOnlyForDeploymentPostprocessing = 0;
		};
		F630869C20477EEB000AF99F /* Frameworks */ = {
			isa = PBXFrameworksBuildPhase;
			buildActionMask = 2147483647;
			files = (
				C763BB19EABC1ACD47056331 /* Pods_HungryPalsTests.framework in Frameworks */,
			);
			runOnlyForDeploymentPostprocessing = 0;
		};
		F63086A720477EEB000AF99F /* Frameworks */ = {
			isa = PBXFrameworksBuildPhase;
			buildActionMask = 2147483647;
			files = (
				9D0A763BD98B0D20B2B43499 /* Pods_HungryPalsUITests.framework in Frameworks */,
			);
			runOnlyForDeploymentPostprocessing = 0;
		};
/* End PBXFrameworksBuildPhase section */

/* Begin PBXGroup section */
		1F10375F2050F2C600473842 /* Font */ = {
			isa = PBXGroup;
			children = (
				1F1037622050F2D800473842 /* Lato-Semibold.ttf */,
				1F11CFC920565BF500F06DA6 /* Lobster-Regular.ttf */,
				1F1037602050F2D400473842 /* Lato-Bold.ttf */,
			);
			path = Font;
			sourceTree = "<group>";
		};
		79E2088C2FCAF8323537BB8B /* Pods */ = {
			isa = PBXGroup;
			children = (
				29862B54CA84EC7312A39D62 /* Pods-HungryPals.debug.xcconfig */,
				960BA462E1AC94DA270B2922 /* Pods-HungryPals.release.xcconfig */,
				AEA442102202712BCD33DC76 /* Pods-HungryPalsTests.debug.xcconfig */,
				32A5C3C62E5E55A70BC4943D /* Pods-HungryPalsTests.release.xcconfig */,
				50AE2765A44F5BB658B34643 /* Pods-HungryPalsUITests.debug.xcconfig */,
				DEEABC133372AE9BA97D5474 /* Pods-HungryPalsUITests.release.xcconfig */,
			);
			name = Pods;
			sourceTree = "<group>";
		};
		F630868020477EEB000AF99F = {
			isa = PBXGroup;
			children = (
				F630868B20477EEB000AF99F /* HungryPals */,
				F63086A220477EEB000AF99F /* HungryPalsTests */,
				F63086AD20477EEB000AF99F /* HungryPalsUITests */,
				F630868A20477EEB000AF99F /* Products */,
				79E2088C2FCAF8323537BB8B /* Pods */,
				FD850BCF015905019382B480 /* Frameworks */,
			);
			sourceTree = "<group>";
		};
		F630868A20477EEB000AF99F /* Products */ = {
			isa = PBXGroup;
			children = (
				F630868920477EEB000AF99F /* HungryPals.app */,
				F630869F20477EEB000AF99F /* HungryPalsTests.xctest */,
				F63086AA20477EEB000AF99F /* HungryPalsUITests.xctest */,
			);
			name = Products;
			sourceTree = "<group>";
		};
		F630868B20477EEB000AF99F /* HungryPals */ = {
			isa = PBXGroup;
			children = (
				1F10375F2050F2C600473842 /* Font */,
				F630869220477EEB000AF99F /* Main.storyboard */,
				F630868C20477EEB000AF99F /* AppDelegate.swift */,
				1F11CFC5205477D300F06DA6 /* HomeViewController.swift */,
				1F3A7639204D249600E8A34A /* PostViewController.swift */,
				F63086BC2047806D000AF99F /* ThirdViewController.swift */,
				F630869520477EEB000AF99F /* Assets.xcassets */,
				F630869720477EEB000AF99F /* LaunchScreen.storyboard */,
				F630869A20477EEB000AF99F /* Info.plist */,
				1F773A642050A5BD000F14DA /* DataModels.swift */,
			);
			path = HungryPals;
			sourceTree = "<group>";
		};
		F63086A220477EEB000AF99F /* HungryPalsTests */ = {
			isa = PBXGroup;
			children = (
				F63086A320477EEB000AF99F /* HungryPalsTests.swift */,
				F63086A520477EEB000AF99F /* Info.plist */,
			);
			path = HungryPalsTests;
			sourceTree = "<group>";
		};
		F63086AD20477EEB000AF99F /* HungryPalsUITests */ = {
			isa = PBXGroup;
			children = (
				F63086AE20477EEB000AF99F /* HungryPalsUITests.swift */,
				F63086B020477EEB000AF99F /* Info.plist */,
			);
			path = HungryPalsUITests;
			sourceTree = "<group>";
		};
		FD850BCF015905019382B480 /* Frameworks */ = {
			isa = PBXGroup;
			children = (
				AD1DBCBEBF78EB409D1587BA /* Pods_HungryPals.framework */,
				33404378F1D8281CD0A6FD59 /* Pods_HungryPalsTests.framework */,
				737D687A4DF746EDF3E84E37 /* Pods_HungryPalsUITests.framework */,
			);
			name = Frameworks;
			sourceTree = "<group>";
		};
/* End PBXGroup section */

/* Begin PBXNativeTarget section */
		F630868820477EEB000AF99F /* HungryPals */ = {
			isa = PBXNativeTarget;
			buildConfigurationList = F63086B320477EEB000AF99F /* Build configuration list for PBXNativeTarget "HungryPals" */;
			buildPhases = (
				446F34FB603477E16AA7FC27 /* [CP] Check Pods Manifest.lock */,
				F630868520477EEB000AF99F /* Sources */,
				F630868620477EEB000AF99F /* Frameworks */,
				F630868720477EEB000AF99F /* Resources */,
				6C4F8A2377489EC95A25B22D /* [CP] Embed Pods Frameworks */,
				01B5C82086771E44EE0CB360 /* [CP] Copy Pods Resources */,
			);
			buildRules = (
			);
			dependencies = (
			);
			name = HungryPals;
			productName = HungryPals;
			productReference = F630868920477EEB000AF99F /* HungryPals.app */;
			productType = "com.apple.product-type.application";
		};
		F630869E20477EEB000AF99F /* HungryPalsTests */ = {
			isa = PBXNativeTarget;
			buildConfigurationList = F63086B620477EEB000AF99F /* Build configuration list for PBXNativeTarget "HungryPalsTests" */;
			buildPhases = (
				5AF1F42202B727E9F05D9F8B /* [CP] Check Pods Manifest.lock */,
				F630869B20477EEB000AF99F /* Sources */,
				F630869C20477EEB000AF99F /* Frameworks */,
				F630869D20477EEB000AF99F /* Resources */,
				C6325B15314BF4764F07E12B /* [CP] Embed Pods Frameworks */,
				86FCF647D6F4596FE1D4A350 /* [CP] Copy Pods Resources */,
			);
			buildRules = (
			);
			dependencies = (
				F63086A120477EEB000AF99F /* PBXTargetDependency */,
			);
			name = HungryPalsTests;
			productName = HungryPalsTests;
			productReference = F630869F20477EEB000AF99F /* HungryPalsTests.xctest */;
			productType = "com.apple.product-type.bundle.unit-test";
		};
		F63086A920477EEB000AF99F /* HungryPalsUITests */ = {
			isa = PBXNativeTarget;
			buildConfigurationList = F63086B920477EEB000AF99F /* Build configuration list for PBXNativeTarget "HungryPalsUITests" */;
			buildPhases = (
				A7FEE63E302F69D1035D7723 /* [CP] Check Pods Manifest.lock */,
				F63086A620477EEB000AF99F /* Sources */,
				F63086A720477EEB000AF99F /* Frameworks */,
				F63086A820477EEB000AF99F /* Resources */,
				DFDEDD9888F22D37E1214592 /* [CP] Embed Pods Frameworks */,
				8CBDB40421543A0279EC9525 /* [CP] Copy Pods Resources */,
			);
			buildRules = (
			);
			dependencies = (
				F63086AC20477EEB000AF99F /* PBXTargetDependency */,
			);
			name = HungryPalsUITests;
			productName = HungryPalsUITests;
			productReference = F63086AA20477EEB000AF99F /* HungryPalsUITests.xctest */;
			productType = "com.apple.product-type.bundle.ui-testing";
		};
/* End PBXNativeTarget section */

/* Begin PBXProject section */
		F630868120477EEB000AF99F /* Project object */ = {
			isa = PBXProject;
			attributes = {
				LastSwiftUpdateCheck = 0920;
				LastUpgradeCheck = 0920;
				ORGANIZATIONNAME = "UW iSchool";
				TargetAttributes = {
					F630868820477EEB000AF99F = {
						CreatedOnToolsVersion = 9.2;
						ProvisioningStyle = Automatic;
					};
					F630869E20477EEB000AF99F = {
						CreatedOnToolsVersion = 9.2;
						ProvisioningStyle = Automatic;
						TestTargetID = F630868820477EEB000AF99F;
					};
					F63086A920477EEB000AF99F = {
						CreatedOnToolsVersion = 9.2;
						ProvisioningStyle = Automatic;
						TestTargetID = F630868820477EEB000AF99F;
					};
				};
			};
			buildConfigurationList = F630868420477EEB000AF99F /* Build configuration list for PBXProject "HungryPals" */;
			compatibilityVersion = "Xcode 8.0";
			developmentRegion = en;
			hasScannedForEncodings = 0;
			knownRegions = (
				en,
				Base,
			);
			mainGroup = F630868020477EEB000AF99F;
			productRefGroup = F630868A20477EEB000AF99F /* Products */;
			projectDirPath = "";
			projectRoot = "";
			targets = (
				F630868820477EEB000AF99F /* HungryPals */,
				F630869E20477EEB000AF99F /* HungryPalsTests */,
				F63086A920477EEB000AF99F /* HungryPalsUITests */,
			);
		};
/* End PBXProject section */

/* Begin PBXResourcesBuildPhase section */
		F630868720477EEB000AF99F /* Resources */ = {
			isa = PBXResourcesBuildPhase;
			buildActionMask = 2147483647;
			files = (
				1F11CFCA20565BF500F06DA6 /* Lobster-Regular.ttf in Resources */,
				F630869920477EEB000AF99F /* LaunchScreen.storyboard in Resources */,
				1F1037612050F2D400473842 /* Lato-Bold.ttf in Resources */,
				F630869620477EEB000AF99F /* Assets.xcassets in Resources */,
				F630869420477EEB000AF99F /* Main.storyboard in Resources */,
			);
			runOnlyForDeploymentPostprocessing = 0;
		};
		F630869D20477EEB000AF99F /* Resources */ = {
			isa = PBXResourcesBuildPhase;
			buildActionMask = 2147483647;
			files = (
			);
			runOnlyForDeploymentPostprocessing = 0;
		};
		F63086A820477EEB000AF99F /* Resources */ = {
			isa = PBXResourcesBuildPhase;
			buildActionMask = 2147483647;
			files = (
			);
			runOnlyForDeploymentPostprocessing = 0;
		};
/* End PBXResourcesBuildPhase section */

/* Begin PBXShellScriptBuildPhase section */
		01B5C82086771E44EE0CB360 /* [CP] Copy Pods Resources */ = {
			isa = PBXShellScriptBuildPhase;
			buildActionMask = 2147483647;
			files = (
			);
			inputPaths = (
			);
			name = "[CP] Copy Pods Resources";
			outputPaths = (
			);
			runOnlyForDeploymentPostprocessing = 0;
			shellPath = /bin/sh;
			shellScript = "\"${SRCROOT}/Pods/Target Support Files/Pods-HungryPals/Pods-HungryPals-resources.sh\"\n";
			showEnvVarsInLog = 0;
		};
		446F34FB603477E16AA7FC27 /* [CP] Check Pods Manifest.lock */ = {
			isa = PBXShellScriptBuildPhase;
			buildActionMask = 2147483647;
			files = (
			);
			inputPaths = (
				"${PODS_PODFILE_DIR_PATH}/Podfile.lock",
				"${PODS_ROOT}/Manifest.lock",
			);
			name = "[CP] Check Pods Manifest.lock";
			outputPaths = (
				"$(DERIVED_FILE_DIR)/Pods-HungryPals-checkManifestLockResult.txt",
			);
			runOnlyForDeploymentPostprocessing = 0;
			shellPath = /bin/sh;
			shellScript = "diff \"${PODS_PODFILE_DIR_PATH}/Podfile.lock\" \"${PODS_ROOT}/Manifest.lock\" > /dev/null\nif [ $? != 0 ] ; then\n    # print error to STDERR\n    echo \"error: The sandbox is not in sync with the Podfile.lock. Run 'pod install' or update your CocoaPods installation.\" >&2\n    exit 1\nfi\n# This output is used by Xcode 'outputs' to avoid re-running this script phase.\necho \"SUCCESS\" > \"${SCRIPT_OUTPUT_FILE_0}\"\n";
			showEnvVarsInLog = 0;
		};
		5AF1F42202B727E9F05D9F8B /* [CP] Check Pods Manifest.lock */ = {
			isa = PBXShellScriptBuildPhase;
			buildActionMask = 2147483647;
			files = (
			);
			inputPaths = (
				"${PODS_PODFILE_DIR_PATH}/Podfile.lock",
				"${PODS_ROOT}/Manifest.lock",
			);
			name = "[CP] Check Pods Manifest.lock";
			outputPaths = (
				"$(DERIVED_FILE_DIR)/Pods-HungryPalsTests-checkManifestLockResult.txt",
			);
			runOnlyForDeploymentPostprocessing = 0;
			shellPath = /bin/sh;
			shellScript = "diff \"${PODS_PODFILE_DIR_PATH}/Podfile.lock\" \"${PODS_ROOT}/Manifest.lock\" > /dev/null\nif [ $? != 0 ] ; then\n    # print error to STDERR\n    echo \"error: The sandbox is not in sync with the Podfile.lock. Run 'pod install' or update your CocoaPods installation.\" >&2\n    exit 1\nfi\n# This output is used by Xcode 'outputs' to avoid re-running this script phase.\necho \"SUCCESS\" > \"${SCRIPT_OUTPUT_FILE_0}\"\n";
			showEnvVarsInLog = 0;
		};
		6C4F8A2377489EC95A25B22D /* [CP] Embed Pods Frameworks */ = {
			isa = PBXShellScriptBuildPhase;
			buildActionMask = 2147483647;
			files = (
			);
			inputPaths = (
				"${SRCROOT}/Pods/Target Support Files/Pods-HungryPals/Pods-HungryPals-frameworks.sh",
				"${BUILT_PRODUCTS_DIR}/Alamofire/Alamofire.framework",
			);
			name = "[CP] Embed Pods Frameworks";
			outputPaths = (
				"${TARGET_BUILD_DIR}/${FRAMEWORKS_FOLDER_PATH}/Alamofire.framework",
			);
			runOnlyForDeploymentPostprocessing = 0;
			shellPath = /bin/sh;
			shellScript = "\"${SRCROOT}/Pods/Target Support Files/Pods-HungryPals/Pods-HungryPals-frameworks.sh\"\n";
			showEnvVarsInLog = 0;
		};
		86FCF647D6F4596FE1D4A350 /* [CP] Copy Pods Resources */ = {
			isa = PBXShellScriptBuildPhase;
			buildActionMask = 2147483647;
			files = (
			);
			inputPaths = (
			);
			name = "[CP] Copy Pods Resources";
			outputPaths = (
			);
			runOnlyForDeploymentPostprocessing = 0;
			shellPath = /bin/sh;
			shellScript = "\"${SRCROOT}/Pods/Target Support Files/Pods-HungryPalsTests/Pods-HungryPalsTests-resources.sh\"\n";
			showEnvVarsInLog = 0;
		};
		8CBDB40421543A0279EC9525 /* [CP] Copy Pods Resources */ = {
			isa = PBXShellScriptBuildPhase;
			buildActionMask = 2147483647;
			files = (
			);
			inputPaths = (
			);
			name = "[CP] Copy Pods Resources";
			outputPaths = (
			);
			runOnlyForDeploymentPostprocessing = 0;
			shellPath = /bin/sh;
			shellScript = "\"${SRCROOT}/Pods/Target Support Files/Pods-HungryPalsUITests/Pods-HungryPalsUITests-resources.sh\"\n";
			showEnvVarsInLog = 0;
		};
		A7FEE63E302F69D1035D7723 /* [CP] Check Pods Manifest.lock */ = {
			isa = PBXShellScriptBuildPhase;
			buildActionMask = 2147483647;
			files = (
			);
			inputPaths = (
				"${PODS_PODFILE_DIR_PATH}/Podfile.lock",
				"${PODS_ROOT}/Manifest.lock",
			);
			name = "[CP] Check Pods Manifest.lock";
			outputPaths = (
				"$(DERIVED_FILE_DIR)/Pods-HungryPalsUITests-checkManifestLockResult.txt",
			);
			runOnlyForDeploymentPostprocessing = 0;
			shellPath = /bin/sh;
			shellScript = "diff \"${PODS_PODFILE_DIR_PATH}/Podfile.lock\" \"${PODS_ROOT}/Manifest.lock\" > /dev/null\nif [ $? != 0 ] ; then\n    # print error to STDERR\n    echo \"error: The sandbox is not in sync with the Podfile.lock. Run 'pod install' or update your CocoaPods installation.\" >&2\n    exit 1\nfi\n# This output is used by Xcode 'outputs' to avoid re-running this script phase.\necho \"SUCCESS\" > \"${SCRIPT_OUTPUT_FILE_0}\"\n";
			showEnvVarsInLog = 0;
		};
		C6325B15314BF4764F07E12B /* [CP] Embed Pods Frameworks */ = {
			isa = PBXShellScriptBuildPhase;
			buildActionMask = 2147483647;
			files = (
			);
			inputPaths = (
			);
			name = "[CP] Embed Pods Frameworks";
			outputPaths = (
			);
			runOnlyForDeploymentPostprocessing = 0;
			shellPath = /bin/sh;
			shellScript = "\"${SRCROOT}/Pods/Target Support Files/Pods-HungryPalsTests/Pods-HungryPalsTests-frameworks.sh\"\n";
			showEnvVarsInLog = 0;
		};
		DFDEDD9888F22D37E1214592 /* [CP] Embed Pods Frameworks */ = {
			isa = PBXShellScriptBuildPhase;
			buildActionMask = 2147483647;
			files = (
			);
			inputPaths = (
			);
			name = "[CP] Embed Pods Frameworks";
			outputPaths = (
			);
			runOnlyForDeploymentPostprocessing = 0;
			shellPath = /bin/sh;
			shellScript = "\"${SRCROOT}/Pods/Target Support Files/Pods-HungryPalsUITests/Pods-HungryPalsUITests-frameworks.sh\"\n";
			showEnvVarsInLog = 0;
		};
/* End PBXShellScriptBuildPhase section */

/* Begin PBXSourcesBuildPhase section */
		F630868520477EEB000AF99F /* Sources */ = {
			isa = PBXSourcesBuildPhase;
			buildActionMask = 2147483647;
			files = (
				F630868D20477EEB000AF99F /* AppDelegate.swift in Sources */,
				F63086BD2047806D000AF99F /* ThirdViewController.swift in Sources */,
				1F11CFC6205477D300F06DA6 /* HomeViewController.swift in Sources */,
				1F773A652050A5BD000F14DA /* DataModels.swift in Sources */,
				1F3A763A204D249600E8A34A /* PostViewController.swift in Sources */,
			);
			runOnlyForDeploymentPostprocessing = 0;
		};
		F630869B20477EEB000AF99F /* Sources */ = {
			isa = PBXSourcesBuildPhase;
			buildActionMask = 2147483647;
			files = (
				F63086A420477EEB000AF99F /* HungryPalsTests.swift in Sources */,
			);
			runOnlyForDeploymentPostprocessing = 0;
		};
		F63086A620477EEB000AF99F /* Sources */ = {
			isa = PBXSourcesBuildPhase;
			buildActionMask = 2147483647;
			files = (
				F63086AF20477EEB000AF99F /* HungryPalsUITests.swift in Sources */,
			);
			runOnlyForDeploymentPostprocessing = 0;
		};
/* End PBXSourcesBuildPhase section */

/* Begin PBXTargetDependency section */
		F63086A120477EEB000AF99F /* PBXTargetDependency */ = {
			isa = PBXTargetDependency;
			target = F630868820477EEB000AF99F /* HungryPals */;
			targetProxy = F63086A020477EEB000AF99F /* PBXContainerItemProxy */;
		};
		F63086AC20477EEB000AF99F /* PBXTargetDependency */ = {
			isa = PBXTargetDependency;
			target = F630868820477EEB000AF99F /* HungryPals */;
			targetProxy = F63086AB20477EEB000AF99F /* PBXContainerItemProxy */;
		};
/* End PBXTargetDependency section */

/* Begin PBXVariantGroup section */
		F630869220477EEB000AF99F /* Main.storyboard */ = {
			isa = PBXVariantGroup;
			children = (
				F630869320477EEB000AF99F /* Base */,
			);
			name = Main.storyboard;
			sourceTree = "<group>";
		};
		F630869720477EEB000AF99F /* LaunchScreen.storyboard */ = {
			isa = PBXVariantGroup;
			children = (
				F630869820477EEB000AF99F /* Base */,
			);
			name = LaunchScreen.storyboard;
			sourceTree = "<group>";
		};
/* End PBXVariantGroup section */

/* Begin XCBuildConfiguration section */
		F63086B120477EEB000AF99F /* Debug */ = {
			isa = XCBuildConfiguration;
			buildSettings = {
				ALWAYS_SEARCH_USER_PATHS = NO;
				CLANG_ANALYZER_NONNULL = YES;
				CLANG_ANALYZER_NUMBER_OBJECT_CONVERSION = YES_AGGRESSIVE;
				CLANG_CXX_LANGUAGE_STANDARD = "gnu++14";
				CLANG_CXX_LIBRARY = "libc++";
				CLANG_ENABLE_MODULES = YES;
				CLANG_ENABLE_OBJC_ARC = YES;
				CLANG_WARN_BLOCK_CAPTURE_AUTORELEASING = YES;
				CLANG_WARN_BOOL_CONVERSION = YES;
				CLANG_WARN_COMMA = YES;
				CLANG_WARN_CONSTANT_CONVERSION = YES;
				CLANG_WARN_DIRECT_OBJC_ISA_USAGE = YES_ERROR;
				CLANG_WARN_DOCUMENTATION_COMMENTS = YES;
				CLANG_WARN_EMPTY_BODY = YES;
				CLANG_WARN_ENUM_CONVERSION = YES;
				CLANG_WARN_INFINITE_RECURSION = YES;
				CLANG_WARN_INT_CONVERSION = YES;
				CLANG_WARN_NON_LITERAL_NULL_CONVERSION = YES;
				CLANG_WARN_OBJC_LITERAL_CONVERSION = YES;
				CLANG_WARN_OBJC_ROOT_CLASS = YES_ERROR;
				CLANG_WARN_RANGE_LOOP_ANALYSIS = YES;
				CLANG_WARN_STRICT_PROTOTYPES = YES;
				CLANG_WARN_SUSPICIOUS_MOVE = YES;
				CLANG_WARN_UNGUARDED_AVAILABILITY = YES_AGGRESSIVE;
				CLANG_WARN_UNREACHABLE_CODE = YES;
				CLANG_WARN__DUPLICATE_METHOD_MATCH = YES;
				CODE_SIGN_IDENTITY = "iPhone Developer";
				COPY_PHASE_STRIP = NO;
				DEBUG_INFORMATION_FORMAT = dwarf;
				ENABLE_STRICT_OBJC_MSGSEND = YES;
				ENABLE_TESTABILITY = YES;
				GCC_C_LANGUAGE_STANDARD = gnu11;
				GCC_DYNAMIC_NO_PIC = NO;
				GCC_NO_COMMON_BLOCKS = YES;
				GCC_OPTIMIZATION_LEVEL = 0;
				GCC_PREPROCESSOR_DEFINITIONS = (
					"DEBUG=1",
					"$(inherited)",
				);
				GCC_WARN_64_TO_32_BIT_CONVERSION = YES;
				GCC_WARN_ABOUT_RETURN_TYPE = YES_ERROR;
				GCC_WARN_UNDECLARED_SELECTOR = YES;
				GCC_WARN_UNINITIALIZED_AUTOS = YES_AGGRESSIVE;
				GCC_WARN_UNUSED_FUNCTION = YES;
				GCC_WARN_UNUSED_VARIABLE = YES;
				IPHONEOS_DEPLOYMENT_TARGET = 11.2;
				MTL_ENABLE_DEBUG_INFO = YES;
				ONLY_ACTIVE_ARCH = YES;
				SDKROOT = iphoneos;
				SWIFT_ACTIVE_COMPILATION_CONDITIONS = DEBUG;
				SWIFT_OPTIMIZATION_LEVEL = "-Onone";
			};
			name = Debug;
		};
		F63086B220477EEB000AF99F /* Release */ = {
			isa = XCBuildConfiguration;
			buildSettings = {
				ALWAYS_SEARCH_USER_PATHS = NO;
				CLANG_ANALYZER_NONNULL = YES;
				CLANG_ANALYZER_NUMBER_OBJECT_CONVERSION = YES_AGGRESSIVE;
				CLANG_CXX_LANGUAGE_STANDARD = "gnu++14";
				CLANG_CXX_LIBRARY = "libc++";
				CLANG_ENABLE_MODULES = YES;
				CLANG_ENABLE_OBJC_ARC = YES;
				CLANG_WARN_BLOCK_CAPTURE_AUTORELEASING = YES;
				CLANG_WARN_BOOL_CONVERSION = YES;
				CLANG_WARN_COMMA = YES;
				CLANG_WARN_CONSTANT_CONVERSION = YES;
				CLANG_WARN_DIRECT_OBJC_ISA_USAGE = YES_ERROR;
				CLANG_WARN_DOCUMENTATION_COMMENTS = YES;
				CLANG_WARN_EMPTY_BODY = YES;
				CLANG_WARN_ENUM_CONVERSION = YES;
				CLANG_WARN_INFINITE_RECURSION = YES;
				CLANG_WARN_INT_CONVERSION = YES;
				CLANG_WARN_NON_LITERAL_NULL_CONVERSION = YES;
				CLANG_WARN_OBJC_LITERAL_CONVERSION = YES;
				CLANG_WARN_OBJC_ROOT_CLASS = YES_ERROR;
				CLANG_WARN_RANGE_LOOP_ANALYSIS = YES;
				CLANG_WARN_STRICT_PROTOTYPES = YES;
				CLANG_WARN_SUSPICIOUS_MOVE = YES;
				CLANG_WARN_UNGUARDED_AVAILABILITY = YES_AGGRESSIVE;
				CLANG_WARN_UNREACHABLE_CODE = YES;
				CLANG_WARN__DUPLICATE_METHOD_MATCH = YES;
				CODE_SIGN_IDENTITY = "iPhone Developer";
				COPY_PHASE_STRIP = NO;
				DEBUG_INFORMATION_FORMAT = "dwarf-with-dsym";
				ENABLE_NS_ASSERTIONS = NO;
				ENABLE_STRICT_OBJC_MSGSEND = YES;
				GCC_C_LANGUAGE_STANDARD = gnu11;
				GCC_NO_COMMON_BLOCKS = YES;
				GCC_WARN_64_TO_32_BIT_CONVERSION = YES;
				GCC_WARN_ABOUT_RETURN_TYPE = YES_ERROR;
				GCC_WARN_UNDECLARED_SELECTOR = YES;
				GCC_WARN_UNINITIALIZED_AUTOS = YES_AGGRESSIVE;
				GCC_WARN_UNUSED_FUNCTION = YES;
				GCC_WARN_UNUSED_VARIABLE = YES;
				IPHONEOS_DEPLOYMENT_TARGET = 11.2;
				MTL_ENABLE_DEBUG_INFO = NO;
				SDKROOT = iphoneos;
				SWIFT_OPTIMIZATION_LEVEL = "-Owholemodule";
				VALIDATE_PRODUCT = YES;
			};
			name = Release;
		};
		F63086B420477EEB000AF99F /* Debug */ = {
			isa = XCBuildConfiguration;
			baseConfigurationReference = 29862B54CA84EC7312A39D62 /* Pods-HungryPals.debug.xcconfig */;
			buildSettings = {
				ASSETCATALOG_COMPILER_APPICON_NAME = AppIcon;
				CODE_SIGN_STYLE = Automatic;
				INFOPLIST_FILE = HungryPals/Info.plist;
				LD_RUNPATH_SEARCH_PATHS = "$(inherited) @executable_path/Frameworks";
				PRODUCT_BUNDLE_IDENTIFIER = "edu.uw.ischool.-loners.HungryPals";
				PRODUCT_NAME = "$(TARGET_NAME)";
				SWIFT_VERSION = 4.0;
				TARGETED_DEVICE_FAMILY = "1,2";
			};
			name = Debug;
		};
		F63086B520477EEB000AF99F /* Release */ = {
			isa = XCBuildConfiguration;
			baseConfigurationReference = 960BA462E1AC94DA270B2922 /* Pods-HungryPals.release.xcconfig */;
			buildSettings = {
				ASSETCATALOG_COMPILER_APPICON_NAME = AppIcon;
				CODE_SIGN_STYLE = Automatic;
				INFOPLIST_FILE = HungryPals/Info.plist;
				LD_RUNPATH_SEARCH_PATHS = "$(inherited) @executable_path/Frameworks";
				PRODUCT_BUNDLE_IDENTIFIER = "edu.uw.ischool.-loners.HungryPals";
				PRODUCT_NAME = "$(TARGET_NAME)";
				SWIFT_VERSION = 4.0;
				TARGETED_DEVICE_FAMILY = "1,2";
			};
			name = Release;
		};
		F63086B720477EEB000AF99F /* Debug */ = {
			isa = XCBuildConfiguration;
			baseConfigurationReference = AEA442102202712BCD33DC76 /* Pods-HungryPalsTests.debug.xcconfig */;
			buildSettings = {
				ALWAYS_EMBED_SWIFT_STANDARD_LIBRARIES = YES;
				BUNDLE_LOADER = "$(TEST_HOST)";
				CODE_SIGN_STYLE = Automatic;
				INFOPLIST_FILE = HungryPalsTests/Info.plist;
				LD_RUNPATH_SEARCH_PATHS = "$(inherited) @executable_path/Frameworks @loader_path/Frameworks";
				PRODUCT_BUNDLE_IDENTIFIER = "edu.uw.ischool.-loners.HungryPalsTests";
				PRODUCT_NAME = "$(TARGET_NAME)";
				SWIFT_VERSION = 4.0;
				TARGETED_DEVICE_FAMILY = "1,2";
				TEST_HOST = "$(BUILT_PRODUCTS_DIR)/HungryPals.app/HungryPals";
			};
			name = Debug;
		};
		F63086B820477EEB000AF99F /* Release */ = {
			isa = XCBuildConfiguration;
			baseConfigurationReference = 32A5C3C62E5E55A70BC4943D /* Pods-HungryPalsTests.release.xcconfig */;
			buildSettings = {
				ALWAYS_EMBED_SWIFT_STANDARD_LIBRARIES = YES;
				BUNDLE_LOADER = "$(TEST_HOST)";
				CODE_SIGN_STYLE = Automatic;
				INFOPLIST_FILE = HungryPalsTests/Info.plist;
				LD_RUNPATH_SEARCH_PATHS = "$(inherited) @executable_path/Frameworks @loader_path/Frameworks";
				PRODUCT_BUNDLE_IDENTIFIER = "edu.uw.ischool.-loners.HungryPalsTests";
				PRODUCT_NAME = "$(TARGET_NAME)";
				SWIFT_VERSION = 4.0;
				TARGETED_DEVICE_FAMILY = "1,2";
				TEST_HOST = "$(BUILT_PRODUCTS_DIR)/HungryPals.app/HungryPals";
			};
			name = Release;
		};
		F63086BA20477EEB000AF99F /* Debug */ = {
			isa = XCBuildConfiguration;
			baseConfigurationReference = 50AE2765A44F5BB658B34643 /* Pods-HungryPalsUITests.debug.xcconfig */;
			buildSettings = {
				ALWAYS_EMBED_SWIFT_STANDARD_LIBRARIES = YES;
				CODE_SIGN_STYLE = Automatic;
				INFOPLIST_FILE = HungryPalsUITests/Info.plist;
				LD_RUNPATH_SEARCH_PATHS = "$(inherited) @executable_path/Frameworks @loader_path/Frameworks";
				PRODUCT_BUNDLE_IDENTIFIER = "edu.uw.ischool.-loners.HungryPalsUITests";
				PRODUCT_NAME = "$(TARGET_NAME)";
				SWIFT_VERSION = 4.0;
				TARGETED_DEVICE_FAMILY = "1,2";
				TEST_TARGET_NAME = HungryPals;
			};
			name = Debug;
		};
		F63086BB20477EEB000AF99F /* Release */ = {
			isa = XCBuildConfiguration;
			baseConfigurationReference = DEEABC133372AE9BA97D5474 /* Pods-HungryPalsUITests.release.xcconfig */;
			buildSettings = {
				ALWAYS_EMBED_SWIFT_STANDARD_LIBRARIES = YES;
				CODE_SIGN_STYLE = Automatic;
				INFOPLIST_FILE = HungryPalsUITests/Info.plist;
				LD_RUNPATH_SEARCH_PATHS = "$(inherited) @executable_path/Frameworks @loader_path/Frameworks";
				PRODUCT_BUNDLE_IDENTIFIER = "edu.uw.ischool.-loners.HungryPalsUITests";
				PRODUCT_NAME = "$(TARGET_NAME)";
				SWIFT_VERSION = 4.0;
				TARGETED_DEVICE_FAMILY = "1,2";
				TEST_TARGET_NAME = HungryPals;
			};
			name = Release;
		};
/* End XCBuildConfiguration section */

/* Begin XCConfigurationList section */
		F630868420477EEB000AF99F /* Build configuration list for PBXProject "HungryPals" */ = {
			isa = XCConfigurationList;
			buildConfigurations = (
				F63086B120477EEB000AF99F /* Debug */,
				F63086B220477EEB000AF99F /* Release */,
			);
			defaultConfigurationIsVisible = 0;
			defaultConfigurationName = Release;
		};
		F63086B320477EEB000AF99F /* Build configuration list for PBXNativeTarget "HungryPals" */ = {
			isa = XCConfigurationList;
			buildConfigurations = (
				F63086B420477EEB000AF99F /* Debug */,
				F63086B520477EEB000AF99F /* Release */,
			);
			defaultConfigurationIsVisible = 0;
			defaultConfigurationName = Release;
		};
		F63086B620477EEB000AF99F /* Build configuration list for PBXNativeTarget "HungryPalsTests" */ = {
			isa = XCConfigurationList;
			buildConfigurations = (
				F63086B720477EEB000AF99F /* Debug */,
				F63086B820477EEB000AF99F /* Release */,
			);
			defaultConfigurationIsVisible = 0;
			defaultConfigurationName = Release;
		};
		F63086B920477EEB000AF99F /* Build configuration list for PBXNativeTarget "HungryPalsUITests" */ = {
			isa = XCConfigurationList;
			buildConfigurations = (
				F63086BA20477EEB000AF99F /* Debug */,
				F63086BB20477EEB000AF99F /* Release */,
			);
			defaultConfigurationIsVisible = 0;
			defaultConfigurationName = Release;
		};
/* End XCConfigurationList section */
	};
	rootObject = F630868120477EEB000AF99F /* Project object */;
}
