// !$*UTF8*$!
{
	archiveVersion = 1;
	classes = {
	};
	objectVersion = 48;
	objects = {

/* Begin PBXBuildFile section */
		07E2F568C8C8AABB0603F34C /* Pods_HungryPals.framework in Frameworks */ = {isa = PBXBuildFile; fileRef = C227D8910BC62952B859D006 /* Pods_HungryPals.framework */; };
		1F11CFC6205477D300F06DA6 /* HomeViewController.swift in Sources */ = {isa = PBXBuildFile; fileRef = 1F11CFC5205477D300F06DA6 /* HomeViewController.swift */; };
		1F3A763A204D249600E8A34A /* PostViewController.swift in Sources */ = {isa = PBXBuildFile; fileRef = 1F3A7639204D249600E8A34A /* PostViewController.swift */; };
		1F773A652050A5BD000F14DA /* DataModels.swift in Sources */ = {isa = PBXBuildFile; fileRef = 1F773A642050A5BD000F14DA /* DataModels.swift */; };
		27BE519520587D19007F078D /* DirectMsgViewController.swift in Sources */ = {isa = PBXBuildFile; fileRef = 27BE519420587D19007F078D /* DirectMsgViewController.swift */; };
		2FAD07DE20559CED002EBBFA /* FormViewController2.swift in Sources */ = {isa = PBXBuildFile; fileRef = 2FAD07DC20559CED002EBBFA /* FormViewController2.swift */; };
		2FAD07E120559D47002EBBFA /* ResultsViewController.swift in Sources */ = {isa = PBXBuildFile; fileRef = 2FAD07E020559D46002EBBFA /* ResultsViewController.swift */; };
		584CFF43D86C16BEB4AB8944 /* Pods_HungryPalsTests.framework in Frameworks */ = {isa = PBXBuildFile; fileRef = 17BBB2364C12EEC843B19E20 /* Pods_HungryPalsTests.framework */; };
		D547979BB338C6B1656512CF /* Pods_HungryPalsUITests.framework in Frameworks */ = {isa = PBXBuildFile; fileRef = F9C71E2528C01E804392F4FE /* Pods_HungryPalsUITests.framework */; };
		EF236E5E2053AF8F00E8E741 /* PreferenceTableViewController.swift in Sources */ = {isa = PBXBuildFile; fileRef = EF236E5D2053AF6900E8E741 /* PreferenceTableViewController.swift */; };
		EF236E712053B0A700E8E741 /* Lobster-Regular.ttf in Resources */ = {isa = PBXBuildFile; fileRef = EF236E682053B07B00E8E741 /* Lobster-Regular.ttf */; };
		EF236E722053B0B100E8E741 /* Lato-HeavyItalic.ttf in Resources */ = {isa = PBXBuildFile; fileRef = EF236E422053AF5500E8E741 /* Lato-HeavyItalic.ttf */; };
		EF236E732053B0B100E8E741 /* Lato-Italic.ttf in Resources */ = {isa = PBXBuildFile; fileRef = EF236E432053AF5500E8E741 /* Lato-Italic.ttf */; };
		EF236E742053B0B100E8E741 /* Lato-LightItalic.ttf in Resources */ = {isa = PBXBuildFile; fileRef = EF236E442053AF5500E8E741 /* Lato-LightItalic.ttf */; };
		EF236E752053B0B100E8E741 /* Lato-Thin.ttf in Resources */ = {isa = PBXBuildFile; fileRef = EF236E452053AF5500E8E741 /* Lato-Thin.ttf */; };
		EF236E762053B0B100E8E741 /* Lato-Bold.ttf in Resources */ = {isa = PBXBuildFile; fileRef = EF236E462053AF5500E8E741 /* Lato-Bold.ttf */; };
		EF236E772053B0B100E8E741 /* Lato-Black.ttf in Resources */ = {isa = PBXBuildFile; fileRef = EF236E472053AF5500E8E741 /* Lato-Black.ttf */; };
		EF236E782053B0B100E8E741 /* Lato-SemiboldItalic.ttf in Resources */ = {isa = PBXBuildFile; fileRef = EF236E482053AF5500E8E741 /* Lato-SemiboldItalic.ttf */; };
		EF236E792053B0B100E8E741 /* Lato-HairlineItalic.ttf in Resources */ = {isa = PBXBuildFile; fileRef = EF236E492053AF5500E8E741 /* Lato-HairlineItalic.ttf */; };
		EF236E7A2053B0B100E8E741 /* Lato-Regular.ttf in Resources */ = {isa = PBXBuildFile; fileRef = EF236E4E2053AF5500E8E741 /* Lato-Regular.ttf */; };
		EF236E7B2053B0B100E8E741 /* Lato-Hairline.ttf in Resources */ = {isa = PBXBuildFile; fileRef = EF236E4F2053AF5500E8E741 /* Lato-Hairline.ttf */; };
		EF236E7C2053B0B100E8E741 /* Lato-BlackItalic.ttf in Resources */ = {isa = PBXBuildFile; fileRef = EF236E502053AF5500E8E741 /* Lato-BlackItalic.ttf */; };
		EF236E7D2053B0B100E8E741 /* Lato-Semibold.ttf in Resources */ = {isa = PBXBuildFile; fileRef = EF236E512053AF5500E8E741 /* Lato-Semibold.ttf */; };
		EF236E7E2053B0B100E8E741 /* Lato-MediumItalic.ttf in Resources */ = {isa = PBXBuildFile; fileRef = EF236E522053AF5500E8E741 /* Lato-MediumItalic.ttf */; };
		EF236E7F2053B0BB00E8E741 /* Lato-Heavy.ttf in Resources */ = {isa = PBXBuildFile; fileRef = EF236E542053AF5500E8E741 /* Lato-Heavy.ttf */; };
		EF236E802053B0BB00E8E741 /* Lato-BoldItalic.ttf in Resources */ = {isa = PBXBuildFile; fileRef = EF236E562053AF5500E8E741 /* Lato-BoldItalic.ttf */; };
		EF236E812053B0BB00E8E741 /* Lato-Light.ttf in Resources */ = {isa = PBXBuildFile; fileRef = EF236E572053AF5500E8E741 /* Lato-Light.ttf */; };
		EF236E822053B0BB00E8E741 /* Lato-Medium.ttf in Resources */ = {isa = PBXBuildFile; fileRef = EF236E582053AF5500E8E741 /* Lato-Medium.ttf */; };
		EF236E832053B0BB00E8E741 /* Lato-ThinItalic.ttf in Resources */ = {isa = PBXBuildFile; fileRef = EF236E592053AF5500E8E741 /* Lato-ThinItalic.ttf */; };
		EF236E852053B9EA00E8E741 /* AccountPreferenceViewController.swift in Sources */ = {isa = PBXBuildFile; fileRef = EF236E842053B9EA00E8E741 /* AccountPreferenceViewController.swift */; };
		EF3492E920492A510014A9C2 /* LoginViewController.swift in Sources */ = {isa = PBXBuildFile; fileRef = EF3492E820492A510014A9C2 /* LoginViewController.swift */; };
		EF9B9C57204FB49A003B574B /* AppData.swift in Sources */ = {isa = PBXBuildFile; fileRef = EF9B9C56204FB49A003B574B /* AppData.swift */; };
		EF9B9C59204FBAD0003B574B /* AccountViewController.swift in Sources */ = {isa = PBXBuildFile; fileRef = EF9B9C58204FBAD0003B574B /* AccountViewController.swift */; };
		EF9C1C442051C70900C9A3D4 /* PreferenceViewController.swift in Sources */ = {isa = PBXBuildFile; fileRef = EF9C1C432051C70800C9A3D4 /* PreferenceViewController.swift */; };
		EF9C1C462051C75300C9A3D4 /* PreferenceTableViewCell.swift in Sources */ = {isa = PBXBuildFile; fileRef = EF9C1C452051C75300C9A3D4 /* PreferenceTableViewCell.swift */; };
		F630868D20477EEB000AF99F /* AppDelegate.swift in Sources */ = {isa = PBXBuildFile; fileRef = F630868C20477EEB000AF99F /* AppDelegate.swift */; };
		F630869420477EEB000AF99F /* Main.storyboard in Resources */ = {isa = PBXBuildFile; fileRef = F630869220477EEB000AF99F /* Main.storyboard */; };
		F630869620477EEB000AF99F /* Assets.xcassets in Resources */ = {isa = PBXBuildFile; fileRef = F630869520477EEB000AF99F /* Assets.xcassets */; };
		F630869920477EEB000AF99F /* LaunchScreen.storyboard in Resources */ = {isa = PBXBuildFile; fileRef = F630869720477EEB000AF99F /* LaunchScreen.storyboard */; };
		F63086A420477EEB000AF99F /* HungryPalsTests.swift in Sources */ = {isa = PBXBuildFile; fileRef = F63086A320477EEB000AF99F /* HungryPalsTests.swift */; };
		F63086AF20477EEB000AF99F /* HungryPalsUITests.swift in Sources */ = {isa = PBXBuildFile; fileRef = F63086AE20477EEB000AF99F /* HungryPalsUITests.swift */; };
		F63086BD2047806D000AF99F /* ThirdViewController.swift in Sources */ = {isa = PBXBuildFile; fileRef = F63086BC2047806D000AF99F /* ThirdViewController.swift */; };
/* End PBXBuildFile section */

/* Begin PBXContainerItemProxy section */
		F63086A020477EEB000AF99F /* PBXContainerItemProxy */ = {
			isa = PBXContainerItemProxy;
			containerPortal = F630868120477EEB000AF99F /* Project object */;
			proxyType = 1;
			remoteGlobalIDString = F630868820477EEB000AF99F;
			remoteInfo = HungryPals;
		};
		F63086AB20477EEB000AF99F /* PBXContainerItemProxy */ = {
			isa = PBXContainerItemProxy;
			containerPortal = F630868120477EEB000AF99F /* Project object */;
			proxyType = 1;
			remoteGlobalIDString = F630868820477EEB000AF99F;
			remoteInfo = HungryPals;
		};
/* End PBXContainerItemProxy section */

/* Begin PBXFileReference section */
		17BBB2364C12EEC843B19E20 /* Pods_HungryPalsTests.framework */ = {isa = PBXFileReference; explicitFileType = wrapper.framework; includeInIndex = 0; path = Pods_HungryPalsTests.framework; sourceTree = BUILT_PRODUCTS_DIR; };
		181C81BEEE14E98D1F83177B /* Pods-HungryPals.release.xcconfig */ = {isa = PBXFileReference; includeInIndex = 1; lastKnownFileType = text.xcconfig; name = "Pods-HungryPals.release.xcconfig"; path = "Pods/Target Support Files/Pods-HungryPals/Pods-HungryPals.release.xcconfig"; sourceTree = "<group>"; };
		1F11CFC5205477D300F06DA6 /* HomeViewController.swift */ = {isa = PBXFileReference; lastKnownFileType = sourcecode.swift; path = HomeViewController.swift; sourceTree = "<group>"; };
		1F3A7639204D249600E8A34A /* PostViewController.swift */ = {isa = PBXFileReference; lastKnownFileType = sourcecode.swift; path = PostViewController.swift; sourceTree = "<group>"; };
		1F773A642050A5BD000F14DA /* DataModels.swift */ = {isa = PBXFileReference; lastKnownFileType = sourcecode.swift; path = DataModels.swift; sourceTree = "<group>"; };
		27BE519420587D19007F078D /* DirectMsgViewController.swift */ = {isa = PBXFileReference; lastKnownFileType = sourcecode.swift; path = DirectMsgViewController.swift; sourceTree = "<group>"; };
		2FAD07DC20559CED002EBBFA /* FormViewController2.swift */ = {isa = PBXFileReference; fileEncoding = 4; lastKnownFileType = sourcecode.swift; path = FormViewController2.swift; sourceTree = "<group>"; };
		2FAD07DD20559CED002EBBFA /* FormViewController.swift */ = {isa = PBXFileReference; fileEncoding = 4; lastKnownFileType = sourcecode.swift; path = FormViewController.swift; sourceTree = "<group>"; };
		2FAD07E020559D46002EBBFA /* ResultsViewController.swift */ = {isa = PBXFileReference; fileEncoding = 4; lastKnownFileType = sourcecode.swift; path = ResultsViewController.swift; sourceTree = "<group>"; };
		3568A7812057441B00EA0A01 /* Candara Bold Italic.ttf */ = {isa = PBXFileReference; lastKnownFileType = file; name = "Candara Bold Italic.ttf"; path = "/Users/Leon/Desktop/HungryPals/iOS/Font/Candara Bold Italic.ttf"; sourceTree = "<absolute>"; };
		3568A7822057441C00EA0A01 /* Candara Italic.ttf */ = {isa = PBXFileReference; lastKnownFileType = file; name = "Candara Italic.ttf"; path = "/Users/Leon/Desktop/HungryPals/iOS/Font/Candara Italic.ttf"; sourceTree = "<absolute>"; };
		3568A7832057441C00EA0A01 /* Candara Bold.ttf */ = {isa = PBXFileReference; lastKnownFileType = file; name = "Candara Bold.ttf"; path = "/Users/Leon/Desktop/HungryPals/iOS/Font/Candara Bold.ttf"; sourceTree = "<absolute>"; };
		3568A7842057441C00EA0A01 /* Candara.ttf */ = {isa = PBXFileReference; lastKnownFileType = file; name = Candara.ttf; path = /Users/Leon/Desktop/HungryPals/iOS/Font/Candara.ttf; sourceTree = "<absolute>"; };
		449DB918AF1FE43AE43AAC2B /* Pods-HungryPalsUITests.debug.xcconfig */ = {isa = PBXFileReference; includeInIndex = 1; lastKnownFileType = text.xcconfig; name = "Pods-HungryPalsUITests.debug.xcconfig"; path = "Pods/Target Support Files/Pods-HungryPalsUITests/Pods-HungryPalsUITests.debug.xcconfig"; sourceTree = "<group>"; };
		538897D050DD65B8889B7A76 /* Pods-HungryPalsTests.release.xcconfig */ = {isa = PBXFileReference; includeInIndex = 1; lastKnownFileType = text.xcconfig; name = "Pods-HungryPalsTests.release.xcconfig"; path = "Pods/Target Support Files/Pods-HungryPalsTests/Pods-HungryPalsTests.release.xcconfig"; sourceTree = "<group>"; };
		888164A4D47AEAA386573761 /* Pods-HungryPalsUITests.release.xcconfig */ = {isa = PBXFileReference; includeInIndex = 1; lastKnownFileType = text.xcconfig; name = "Pods-HungryPalsUITests.release.xcconfig"; path = "Pods/Target Support Files/Pods-HungryPalsUITests/Pods-HungryPalsUITests.release.xcconfig"; sourceTree = "<group>"; };
		A50139DA39FBE19748C2C775 /* Pods-HungryPalsTests.debug.xcconfig */ = {isa = PBXFileReference; includeInIndex = 1; lastKnownFileType = text.xcconfig; name = "Pods-HungryPalsTests.debug.xcconfig"; path = "Pods/Target Support Files/Pods-HungryPalsTests/Pods-HungryPalsTests.debug.xcconfig"; sourceTree = "<group>"; };
		C227D8910BC62952B859D006 /* Pods_HungryPals.framework */ = {isa = PBXFileReference; explicitFileType = wrapper.framework; includeInIndex = 0; path = Pods_HungryPals.framework; sourceTree = BUILT_PRODUCTS_DIR; };
		C342D9CF3398A1FB59A21F2B /* Pods-HungryPals.debug.xcconfig */ = {isa = PBXFileReference; includeInIndex = 1; lastKnownFileType = text.xcconfig; name = "Pods-HungryPals.debug.xcconfig"; path = "Pods/Target Support Files/Pods-HungryPals/Pods-HungryPals.debug.xcconfig"; sourceTree = "<group>"; };
		EF236E422053AF5500E8E741 /* Lato-HeavyItalic.ttf */ = {isa = PBXFileReference; lastKnownFileType = file; path = "Lato-HeavyItalic.ttf"; sourceTree = "<group>"; };
		EF236E432053AF5500E8E741 /* Lato-Italic.ttf */ = {isa = PBXFileReference; lastKnownFileType = file; path = "Lato-Italic.ttf"; sourceTree = "<group>"; };
		EF236E442053AF5500E8E741 /* Lato-LightItalic.ttf */ = {isa = PBXFileReference; lastKnownFileType = file; path = "Lato-LightItalic.ttf"; sourceTree = "<group>"; };
		EF236E452053AF5500E8E741 /* Lato-Thin.ttf */ = {isa = PBXFileReference; lastKnownFileType = file; path = "Lato-Thin.ttf"; sourceTree = "<group>"; };
		EF236E462053AF5500E8E741 /* Lato-Bold.ttf */ = {isa = PBXFileReference; lastKnownFileType = file; path = "Lato-Bold.ttf"; sourceTree = "<group>"; };
		EF236E472053AF5500E8E741 /* Lato-Black.ttf */ = {isa = PBXFileReference; lastKnownFileType = file; path = "Lato-Black.ttf"; sourceTree = "<group>"; };
		EF236E482053AF5500E8E741 /* Lato-SemiboldItalic.ttf */ = {isa = PBXFileReference; lastKnownFileType = file; path = "Lato-SemiboldItalic.ttf"; sourceTree = "<group>"; };
		EF236E492053AF5500E8E741 /* Lato-HairlineItalic.ttf */ = {isa = PBXFileReference; lastKnownFileType = file; path = "Lato-HairlineItalic.ttf"; sourceTree = "<group>"; };
		EF236E4E2053AF5500E8E741 /* Lato-Regular.ttf */ = {isa = PBXFileReference; lastKnownFileType = file; path = "Lato-Regular.ttf"; sourceTree = "<group>"; };
		EF236E4F2053AF5500E8E741 /* Lato-Hairline.ttf */ = {isa = PBXFileReference; lastKnownFileType = file; path = "Lato-Hairline.ttf"; sourceTree = "<group>"; };
		EF236E502053AF5500E8E741 /* Lato-BlackItalic.ttf */ = {isa = PBXFileReference; lastKnownFileType = file; path = "Lato-BlackItalic.ttf"; sourceTree = "<group>"; };
		EF236E512053AF5500E8E741 /* Lato-Semibold.ttf */ = {isa = PBXFileReference; lastKnownFileType = file; path = "Lato-Semibold.ttf"; sourceTree = "<group>"; };
		EF236E522053AF5500E8E741 /* Lato-MediumItalic.ttf */ = {isa = PBXFileReference; lastKnownFileType = file; path = "Lato-MediumItalic.ttf"; sourceTree = "<group>"; };
		EF236E532053AF5500E8E741 /* OFL.txt */ = {isa = PBXFileReference; lastKnownFileType = text; path = OFL.txt; sourceTree = "<group>"; };
		EF236E542053AF5500E8E741 /* Lato-Heavy.ttf */ = {isa = PBXFileReference; lastKnownFileType = file; path = "Lato-Heavy.ttf"; sourceTree = "<group>"; };
		EF236E552053AF5500E8E741 /* README.txt */ = {isa = PBXFileReference; lastKnownFileType = text; path = README.txt; sourceTree = "<group>"; };
		EF236E562053AF5500E8E741 /* Lato-BoldItalic.ttf */ = {isa = PBXFileReference; lastKnownFileType = file; path = "Lato-BoldItalic.ttf"; sourceTree = "<group>"; };
		EF236E572053AF5500E8E741 /* Lato-Light.ttf */ = {isa = PBXFileReference; lastKnownFileType = file; path = "Lato-Light.ttf"; sourceTree = "<group>"; };
		EF236E582053AF5500E8E741 /* Lato-Medium.ttf */ = {isa = PBXFileReference; lastKnownFileType = file; path = "Lato-Medium.ttf"; sourceTree = "<group>"; };
		EF236E592053AF5500E8E741 /* Lato-ThinItalic.ttf */ = {isa = PBXFileReference; lastKnownFileType = file; path = "Lato-ThinItalic.ttf"; sourceTree = "<group>"; };
		EF236E5D2053AF6900E8E741 /* PreferenceTableViewController.swift */ = {isa = PBXFileReference; lastKnownFileType = sourcecode.swift; path = PreferenceTableViewController.swift; sourceTree = "<group>"; };
		EF236E672053B07B00E8E741 /* OFL.txt */ = {isa = PBXFileReference; lastKnownFileType = text; path = OFL.txt; sourceTree = "<group>"; };
		EF236E682053B07B00E8E741 /* Lobster-Regular.ttf */ = {isa = PBXFileReference; lastKnownFileType = file; path = "Lobster-Regular.ttf"; sourceTree = "<group>"; };
		EF236E842053B9EA00E8E741 /* AccountPreferenceViewController.swift */ = {isa = PBXFileReference; lastKnownFileType = sourcecode.swift; path = AccountPreferenceViewController.swift; sourceTree = "<group>"; };
		EF3492E820492A510014A9C2 /* LoginViewController.swift */ = {isa = PBXFileReference; lastKnownFileType = sourcecode.swift; path = LoginViewController.swift; sourceTree = "<group>"; };
		EF9B9C56204FB49A003B574B /* AppData.swift */ = {isa = PBXFileReference; lastKnownFileType = sourcecode.swift; path = AppData.swift; sourceTree = "<group>"; };
		EF9B9C58204FBAD0003B574B /* AccountViewController.swift */ = {isa = PBXFileReference; lastKnownFileType = sourcecode.swift; path = AccountViewController.swift; sourceTree = "<group>"; };
		EF9C1C432051C70800C9A3D4 /* PreferenceViewController.swift */ = {isa = PBXFileReference; lastKnownFileType = sourcecode.swift; path = PreferenceViewController.swift; sourceTree = "<group>"; };
		EF9C1C452051C75300C9A3D4 /* PreferenceTableViewCell.swift */ = {isa = PBXFileReference; lastKnownFileType = sourcecode.swift; path = PreferenceTableViewCell.swift; sourceTree = "<group>"; };
		F630868920477EEB000AF99F /* HungryPals.app */ = {isa = PBXFileReference; explicitFileType = wrapper.application; includeInIndex = 0; path = HungryPals.app; sourceTree = BUILT_PRODUCTS_DIR; };
		F630868C20477EEB000AF99F /* AppDelegate.swift */ = {isa = PBXFileReference; lastKnownFileType = sourcecode.swift; path = AppDelegate.swift; sourceTree = "<group>"; };
		F630869320477EEB000AF99F /* Base */ = {isa = PBXFileReference; lastKnownFileType = file.storyboard; name = Base; path = Base.lproj/Main.storyboard; sourceTree = "<group>"; };
		F630869520477EEB000AF99F /* Assets.xcassets */ = {isa = PBXFileReference; lastKnownFileType = folder.assetcatalog; path = Assets.xcassets; sourceTree = "<group>"; };
		F630869820477EEB000AF99F /* Base */ = {isa = PBXFileReference; lastKnownFileType = file.storyboard; name = Base; path = Base.lproj/LaunchScreen.storyboard; sourceTree = "<group>"; };
		F630869A20477EEB000AF99F /* Info.plist */ = {isa = PBXFileReference; lastKnownFileType = text.plist.xml; path = Info.plist; sourceTree = "<group>"; };
		F630869F20477EEB000AF99F /* HungryPalsTests.xctest */ = {isa = PBXFileReference; explicitFileType = wrapper.cfbundle; includeInIndex = 0; path = HungryPalsTests.xctest; sourceTree = BUILT_PRODUCTS_DIR; };
		F63086A320477EEB000AF99F /* HungryPalsTests.swift */ = {isa = PBXFileReference; lastKnownFileType = sourcecode.swift; path = HungryPalsTests.swift; sourceTree = "<group>"; };
		F63086A520477EEB000AF99F /* Info.plist */ = {isa = PBXFileReference; lastKnownFileType = text.plist.xml; path = Info.plist; sourceTree = "<group>"; };
		F63086AA20477EEB000AF99F /* HungryPalsUITests.xctest */ = {isa = PBXFileReference; explicitFileType = wrapper.cfbundle; includeInIndex = 0; path = HungryPalsUITests.xctest; sourceTree = BUILT_PRODUCTS_DIR; };
		F63086AE20477EEB000AF99F /* HungryPalsUITests.swift */ = {isa = PBXFileReference; lastKnownFileType = sourcecode.swift; path = HungryPalsUITests.swift; sourceTree = "<group>"; };
		F63086B020477EEB000AF99F /* Info.plist */ = {isa = PBXFileReference; lastKnownFileType = text.plist.xml; path = Info.plist; sourceTree = "<group>"; };
		F63086BC2047806D000AF99F /* ThirdViewController.swift */ = {isa = PBXFileReference; lastKnownFileType = sourcecode.swift; path = ThirdViewController.swift; sourceTree = "<group>"; };
		F9C71E2528C01E804392F4FE /* Pods_HungryPalsUITests.framework */ = {isa = PBXFileReference; explicitFileType = wrapper.framework; includeInIndex = 0; path = Pods_HungryPalsUITests.framework; sourceTree = BUILT_PRODUCTS_DIR; };
/* End PBXFileReference section */

/* Begin PBXFrameworksBuildPhase section */
		F630868620477EEB000AF99F /* Frameworks */ = {
			isa = PBXFrameworksBuildPhase;
			buildActionMask = 2147483647;
			files = (
				07E2F568C8C8AABB0603F34C /* Pods_HungryPals.framework in Frameworks */,
			);
			runOnlyForDeploymentPostprocessing = 0;
		};
		F630869C20477EEB000AF99F /* Frameworks */ = {
			isa = PBXFrameworksBuildPhase;
			buildActionMask = 2147483647;
			files = (
				584CFF43D86C16BEB4AB8944 /* Pods_HungryPalsTests.framework in Frameworks */,
			);
			runOnlyForDeploymentPostprocessing = 0;
		};
		F63086A720477EEB000AF99F /* Frameworks */ = {
			isa = PBXFrameworksBuildPhase;
			buildActionMask = 2147483647;
			files = (
				D547979BB338C6B1656512CF /* Pods_HungryPalsUITests.framework in Frameworks */,
			);
			runOnlyForDeploymentPostprocessing = 0;
		};
/* End PBXFrameworksBuildPhase section */

/* Begin PBXGroup section */
		2FAD07CF20559B8B002EBBFA /* fonts */ = {
			isa = PBXGroup;
			children = (
			);
			path = fonts;
			sourceTree = "<group>";
		};
		43B4672440CE52319089B6F6 /* Frameworks */ = {
			isa = PBXGroup;
			children = (
				C227D8910BC62952B859D006 /* Pods_HungryPals.framework */,
				17BBB2364C12EEC843B19E20 /* Pods_HungryPalsTests.framework */,
				F9C71E2528C01E804392F4FE /* Pods_HungryPalsUITests.framework */,
			);
			name = Frameworks;
			sourceTree = "<group>";
		};
		AE972B685ABFFF4F82404E37 /* Pods */ = {
			isa = PBXGroup;
			children = (
				C342D9CF3398A1FB59A21F2B /* Pods-HungryPals.debug.xcconfig */,
				181C81BEEE14E98D1F83177B /* Pods-HungryPals.release.xcconfig */,
				A50139DA39FBE19748C2C775 /* Pods-HungryPalsTests.debug.xcconfig */,
				538897D050DD65B8889B7A76 /* Pods-HungryPalsTests.release.xcconfig */,
				449DB918AF1FE43AE43AAC2B /* Pods-HungryPalsUITests.debug.xcconfig */,
				888164A4D47AEAA386573761 /* Pods-HungryPalsUITests.release.xcconfig */,
			);
			name = Pods;
			sourceTree = "<group>";
		};
		EF236E402053AF3000E8E741 /* Font */ = {
			isa = PBXGroup;
			children = (
				3568A7832057441C00EA0A01 /* Candara Bold.ttf */,
				EF236E472053AF5500E8E741 /* Lato-Black.ttf */,
				3568A7822057441C00EA0A01 /* Candara Italic.ttf */,
				3568A7842057441C00EA0A01 /* Candara.ttf */,
				EF236E682053B07B00E8E741 /* Lobster-Regular.ttf */,
				3568A7812057441B00EA0A01 /* Candara Bold Italic.ttf */,
				EF236E662053B07B00E8E741 /* Lobster */,
				EF236E412053AF5500E8E741 /* Lato2OFL */,
			);
			path = Font;
			sourceTree = "<group>";
		};
		EF236E412053AF5500E8E741 /* Lato2OFL */ = {
			isa = PBXGroup;
			children = (
				EF236E422053AF5500E8E741 /* Lato-HeavyItalic.ttf */,
				EF236E432053AF5500E8E741 /* Lato-Italic.ttf */,
				EF236E442053AF5500E8E741 /* Lato-LightItalic.ttf */,
				EF236E452053AF5500E8E741 /* Lato-Thin.ttf */,
				EF236E462053AF5500E8E741 /* Lato-Bold.ttf */,
				EF236E482053AF5500E8E741 /* Lato-SemiboldItalic.ttf */,
				EF236E492053AF5500E8E741 /* Lato-HairlineItalic.ttf */,
				EF236E4E2053AF5500E8E741 /* Lato-Regular.ttf */,
				EF236E4F2053AF5500E8E741 /* Lato-Hairline.ttf */,
				EF236E502053AF5500E8E741 /* Lato-BlackItalic.ttf */,
				EF236E512053AF5500E8E741 /* Lato-Semibold.ttf */,
				EF236E522053AF5500E8E741 /* Lato-MediumItalic.ttf */,
				EF236E532053AF5500E8E741 /* OFL.txt */,
				EF236E542053AF5500E8E741 /* Lato-Heavy.ttf */,
				EF236E552053AF5500E8E741 /* README.txt */,
				EF236E562053AF5500E8E741 /* Lato-BoldItalic.ttf */,
				EF236E572053AF5500E8E741 /* Lato-Light.ttf */,
				EF236E582053AF5500E8E741 /* Lato-Medium.ttf */,
				EF236E592053AF5500E8E741 /* Lato-ThinItalic.ttf */,
			);
			path = Lato2OFL;
			sourceTree = "<group>";
		};
		EF236E662053B07B00E8E741 /* Lobster */ = {
			isa = PBXGroup;
			children = (
				EF236E672053B07B00E8E741 /* OFL.txt */,
			);
			path = Lobster;
			sourceTree = "<group>";
		};
		F630868020477EEB000AF99F = {
			isa = PBXGroup;
			children = (
				EF236E402053AF3000E8E741 /* Font */,
				F630868B20477EEB000AF99F /* HungryPals */,
				F63086A220477EEB000AF99F /* HungryPalsTests */,
				F63086AD20477EEB000AF99F /* HungryPalsUITests */,
				F630868A20477EEB000AF99F /* Products */,
				AE972B685ABFFF4F82404E37 /* Pods */,
				43B4672440CE52319089B6F6 /* Frameworks */,
			);
			sourceTree = "<group>";
		};
		F630868A20477EEB000AF99F /* Products */ = {
			isa = PBXGroup;
			children = (
				F630868920477EEB000AF99F /* HungryPals.app */,
				F630869F20477EEB000AF99F /* HungryPalsTests.xctest */,
				F63086AA20477EEB000AF99F /* HungryPalsUITests.xctest */,
			);
			name = Products;
			sourceTree = "<group>";
		};
		F630868B20477EEB000AF99F /* HungryPals */ = {
			isa = PBXGroup;
			children = (
				2FAD07CF20559B8B002EBBFA /* fonts */,
				F630869220477EEB000AF99F /* Main.storyboard */,
				EF236E842053B9EA00E8E741 /* AccountPreferenceViewController.swift */,
				EF9C1C432051C70800C9A3D4 /* PreferenceViewController.swift */,
				EF9C1C452051C75300C9A3D4 /* PreferenceTableViewCell.swift */,
				EF236E5D2053AF6900E8E741 /* PreferenceTableViewController.swift */,
				F630868C20477EEB000AF99F /* AppDelegate.swift */,
				1F11CFC5205477D300F06DA6 /* HomeViewController.swift */,
				1F3A7639204D249600E8A34A /* PostViewController.swift */,
				EF9B9C58204FBAD0003B574B /* AccountViewController.swift */,
				EF9B9C56204FB49A003B574B /* AppData.swift */,
				2FAD07E020559D46002EBBFA /* ResultsViewController.swift */,
				2FAD07DD20559CED002EBBFA /* FormViewController.swift */,
				2FAD07DC20559CED002EBBFA /* FormViewController2.swift */,
				27BE519420587D19007F078D /* DirectMsgViewController.swift */,
				EF3492E820492A510014A9C2 /* LoginViewController.swift */,
				F63086BC2047806D000AF99F /* ThirdViewController.swift */,
				F630869520477EEB000AF99F /* Assets.xcassets */,
				F630869720477EEB000AF99F /* LaunchScreen.storyboard */,
				F630869A20477EEB000AF99F /* Info.plist */,
				1F773A642050A5BD000F14DA /* DataModels.swift */,
			);
			path = HungryPals;
			sourceTree = "<group>";
		};
		F63086A220477EEB000AF99F /* HungryPalsTests */ = {
			isa = PBXGroup;
			children = (
				F63086A320477EEB000AF99F /* HungryPalsTests.swift */,
				F63086A520477EEB000AF99F /* Info.plist */,
			);
			path = HungryPalsTests;
			sourceTree = "<group>";
		};
		F63086AD20477EEB000AF99F /* HungryPalsUITests */ = {
			isa = PBXGroup;
			children = (
				F63086AE20477EEB000AF99F /* HungryPalsUITests.swift */,
				F63086B020477EEB000AF99F /* Info.plist */,
			);
			path = HungryPalsUITests;
			sourceTree = "<group>";
		};
/* End PBXGroup section */

/* Begin PBXNativeTarget section */
		F630868820477EEB000AF99F /* HungryPals */ = {
			isa = PBXNativeTarget;
			buildConfigurationList = F63086B320477EEB000AF99F /* Build configuration list for PBXNativeTarget "HungryPals" */;
			buildPhases = (
				5587356F2589275B2FE285D1 /* [CP] Check Pods Manifest.lock */,
				F630868520477EEB000AF99F /* Sources */,
				F630868620477EEB000AF99F /* Frameworks */,
				F630868720477EEB000AF99F /* Resources */,
				EA56FBA235E1FB4EEF27638E /* [CP] Embed Pods Frameworks */,
				29DDFC3297B20939125ED2E5 /* [CP] Copy Pods Resources */,
			);
			buildRules = (
			);
			dependencies = (
			);
			name = HungryPals;
			productName = HungryPals;
			productReference = F630868920477EEB000AF99F /* HungryPals.app */;
			productType = "com.apple.product-type.application";
		};
		F630869E20477EEB000AF99F /* HungryPalsTests */ = {
			isa = PBXNativeTarget;
			buildConfigurationList = F63086B620477EEB000AF99F /* Build configuration list for PBXNativeTarget "HungryPalsTests" */;
			buildPhases = (
				D7214DDA847003BB2B80E525 /* [CP] Check Pods Manifest.lock */,
				F630869B20477EEB000AF99F /* Sources */,
				F630869C20477EEB000AF99F /* Frameworks */,
				F630869D20477EEB000AF99F /* Resources */,
				853F4AFE603C960F296FBF9C /* [CP] Embed Pods Frameworks */,
				671ADD6109D9847D82987210 /* [CP] Copy Pods Resources */,
			);
			buildRules = (
			);
			dependencies = (
				F63086A120477EEB000AF99F /* PBXTargetDependency */,
			);
			name = HungryPalsTests;
			productName = HungryPalsTests;
			productReference = F630869F20477EEB000AF99F /* HungryPalsTests.xctest */;
			productType = "com.apple.product-type.bundle.unit-test";
		};
		F63086A920477EEB000AF99F /* HungryPalsUITests */ = {
			isa = PBXNativeTarget;
			buildConfigurationList = F63086B920477EEB000AF99F /* Build configuration list for PBXNativeTarget "HungryPalsUITests" */;
			buildPhases = (
				FFE53C64A47F55F33E34E110 /* [CP] Check Pods Manifest.lock */,
				F63086A620477EEB000AF99F /* Sources */,
				F63086A720477EEB000AF99F /* Frameworks */,
				F63086A820477EEB000AF99F /* Resources */,
				F26B8AB86A95DF749FD4BA1F /* [CP] Embed Pods Frameworks */,
				3BF42CD08E641ADB2A0CED80 /* [CP] Copy Pods Resources */,
			);
			buildRules = (
			);
			dependencies = (
				F63086AC20477EEB000AF99F /* PBXTargetDependency */,
			);
			name = HungryPalsUITests;
			productName = HungryPalsUITests;
			productReference = F63086AA20477EEB000AF99F /* HungryPalsUITests.xctest */;
			productType = "com.apple.product-type.bundle.ui-testing";
		};
/* End PBXNativeTarget section */

/* Begin PBXProject section */
		F630868120477EEB000AF99F /* Project object */ = {
			isa = PBXProject;
			attributes = {
				LastSwiftUpdateCheck = 0920;
				LastUpgradeCheck = 0920;
				ORGANIZATIONNAME = "UW iSchool";
				TargetAttributes = {
					F630868820477EEB000AF99F = {
						CreatedOnToolsVersion = 9.2;
						ProvisioningStyle = Automatic;
						SystemCapabilities = {
							com.apple.Maps.iOS = {
								enabled = 0;
							};
							com.apple.Push = {
								enabled = 1;
							};
						};
					};
					F630869E20477EEB000AF99F = {
						CreatedOnToolsVersion = 9.2;
						ProvisioningStyle = Automatic;
						TestTargetID = F630868820477EEB000AF99F;
					};
					F63086A920477EEB000AF99F = {
						CreatedOnToolsVersion = 9.2;
						ProvisioningStyle = Automatic;
						TestTargetID = F630868820477EEB000AF99F;
					};
				};
			};
			buildConfigurationList = F630868420477EEB000AF99F /* Build configuration list for PBXProject "HungryPals" */;
			compatibilityVersion = "Xcode 8.0";
			developmentRegion = en;
			hasScannedForEncodings = 0;
			knownRegions = (
				en,
				Base,
			);
			mainGroup = F630868020477EEB000AF99F;
			productRefGroup = F630868A20477EEB000AF99F /* Products */;
			projectDirPath = "";
			projectRoot = "";
			targets = (
				F630868820477EEB000AF99F /* HungryPals */,
				F630869E20477EEB000AF99F /* HungryPalsTests */,
				F63086A920477EEB000AF99F /* HungryPalsUITests */,
			);
		};
/* End PBXProject section */

/* Begin PBXResourcesBuildPhase section */
		F630868720477EEB000AF99F /* Resources */ = {
			isa = PBXResourcesBuildPhase;
			buildActionMask = 2147483647;
			files = (
				EF236E7F2053B0BB00E8E741 /* Lato-Heavy.ttf in Resources */,
				EF236E802053B0BB00E8E741 /* Lato-BoldItalic.ttf in Resources */,
				EF236E812053B0BB00E8E741 /* Lato-Light.ttf in Resources */,
				EF236E822053B0BB00E8E741 /* Lato-Medium.ttf in Resources */,
				EF236E832053B0BB00E8E741 /* Lato-ThinItalic.ttf in Resources */,
				EF236E722053B0B100E8E741 /* Lato-HeavyItalic.ttf in Resources */,
				EF236E732053B0B100E8E741 /* Lato-Italic.ttf in Resources */,
				EF236E742053B0B100E8E741 /* Lato-LightItalic.ttf in Resources */,
				EF236E752053B0B100E8E741 /* Lato-Thin.ttf in Resources */,
				EF236E762053B0B100E8E741 /* Lato-Bold.ttf in Resources */,
				EF236E772053B0B100E8E741 /* Lato-Black.ttf in Resources */,
				EF236E782053B0B100E8E741 /* Lato-SemiboldItalic.ttf in Resources */,
				EF236E792053B0B100E8E741 /* Lato-HairlineItalic.ttf in Resources */,
				EF236E7A2053B0B100E8E741 /* Lato-Regular.ttf in Resources */,
				EF236E7B2053B0B100E8E741 /* Lato-Hairline.ttf in Resources */,
				EF236E7C2053B0B100E8E741 /* Lato-BlackItalic.ttf in Resources */,
				EF236E7D2053B0B100E8E741 /* Lato-Semibold.ttf in Resources */,
				EF236E7E2053B0B100E8E741 /* Lato-MediumItalic.ttf in Resources */,
				EF236E712053B0A700E8E741 /* Lobster-Regular.ttf in Resources */,
				F630869920477EEB000AF99F /* LaunchScreen.storyboard in Resources */,
				F630869620477EEB000AF99F /* Assets.xcassets in Resources */,
				F630869420477EEB000AF99F /* Main.storyboard in Resources */,
			);
			runOnlyForDeploymentPostprocessing = 0;
		};
		F630869D20477EEB000AF99F /* Resources */ = {
			isa = PBXResourcesBuildPhase;
			buildActionMask = 2147483647;
			files = (
			);
			runOnlyForDeploymentPostprocessing = 0;
		};
		F63086A820477EEB000AF99F /* Resources */ = {
			isa = PBXResourcesBuildPhase;
			buildActionMask = 2147483647;
			files = (
			);
			runOnlyForDeploymentPostprocessing = 0;
		};
/* End PBXResourcesBuildPhase section */

/* Begin PBXShellScriptBuildPhase section */
		29DDFC3297B20939125ED2E5 /* [CP] Copy Pods Resources */ = {
			isa = PBXShellScriptBuildPhase;
			buildActionMask = 2147483647;
			files = (
			);
			inputPaths = (
			);
			name = "[CP] Copy Pods Resources";
			outputPaths = (
			);
			runOnlyForDeploymentPostprocessing = 0;
			shellPath = /bin/sh;
			shellScript = "\"${SRCROOT}/Pods/Target Support Files/Pods-HungryPals/Pods-HungryPals-resources.sh\"\n";
			showEnvVarsInLog = 0;
		};
		3BF42CD08E641ADB2A0CED80 /* [CP] Copy Pods Resources */ = {
			isa = PBXShellScriptBuildPhase;
			buildActionMask = 2147483647;
			files = (
			);
			inputPaths = (
			);
			name = "[CP] Copy Pods Resources";
			outputPaths = (
			);
			runOnlyForDeploymentPostprocessing = 0;
			shellPath = /bin/sh;
			shellScript = "\"${SRCROOT}/Pods/Target Support Files/Pods-HungryPalsUITests/Pods-HungryPalsUITests-resources.sh\"\n";
			showEnvVarsInLog = 0;
		};
		5587356F2589275B2FE285D1 /* [CP] Check Pods Manifest.lock */ = {
			isa = PBXShellScriptBuildPhase;
			buildActionMask = 2147483647;
			files = (
			);
			inputPaths = (
				"${PODS_PODFILE_DIR_PATH}/Podfile.lock",
				"${PODS_ROOT}/Manifest.lock",
			);
			name = "[CP] Check Pods Manifest.lock";
			outputPaths = (
				"$(DERIVED_FILE_DIR)/Pods-HungryPals-checkManifestLockResult.txt",
			);
			runOnlyForDeploymentPostprocessing = 0;
			shellPath = /bin/sh;
			shellScript = "diff \"${PODS_PODFILE_DIR_PATH}/Podfile.lock\" \"${PODS_ROOT}/Manifest.lock\" > /dev/null\nif [ $? != 0 ] ; then\n    # print error to STDERR\n    echo \"error: The sandbox is not in sync with the Podfile.lock. Run 'pod install' or update your CocoaPods installation.\" >&2\n    exit 1\nfi\n# This output is used by Xcode 'outputs' to avoid re-running this script phase.\necho \"SUCCESS\" > \"${SCRIPT_OUTPUT_FILE_0}\"\n";
			showEnvVarsInLog = 0;
		};
		671ADD6109D9847D82987210 /* [CP] Copy Pods Resources */ = {
			isa = PBXShellScriptBuildPhase;
			buildActionMask = 2147483647;
			files = (
			);
			inputPaths = (
			);
			name = "[CP] Copy Pods Resources";
			outputPaths = (
			);
			runOnlyForDeploymentPostprocessing = 0;
			shellPath = /bin/sh;
			shellScript = "\"${SRCROOT}/Pods/Target Support Files/Pods-HungryPalsTests/Pods-HungryPalsTests-resources.sh\"\n";
			showEnvVarsInLog = 0;
		};
		853F4AFE603C960F296FBF9C /* [CP] Embed Pods Frameworks */ = {
			isa = PBXShellScriptBuildPhase;
			buildActionMask = 2147483647;
			files = (
			);
			inputPaths = (
			);
			name = "[CP] Embed Pods Frameworks";
			outputPaths = (
			);
			runOnlyForDeploymentPostprocessing = 0;
			shellPath = /bin/sh;
			shellScript = "\"${SRCROOT}/Pods/Target Support Files/Pods-HungryPalsTests/Pods-HungryPalsTests-frameworks.sh\"\n";
			showEnvVarsInLog = 0;
		};
		D7214DDA847003BB2B80E525 /* [CP] Check Pods Manifest.lock */ = {
			isa = PBXShellScriptBuildPhase;
			buildActionMask = 2147483647;
			files = (
			);
			inputPaths = (
				"${PODS_PODFILE_DIR_PATH}/Podfile.lock",
				"${PODS_ROOT}/Manifest.lock",
			);
			name = "[CP] Check Pods Manifest.lock";
			outputPaths = (
				"$(DERIVED_FILE_DIR)/Pods-HungryPalsTests-checkManifestLockResult.txt",
			);
			runOnlyForDeploymentPostprocessing = 0;
			shellPath = /bin/sh;
			shellScript = "diff \"${PODS_PODFILE_DIR_PATH}/Podfile.lock\" \"${PODS_ROOT}/Manifest.lock\" > /dev/null\nif [ $? != 0 ] ; then\n    # print error to STDERR\n    echo \"error: The sandbox is not in sync with the Podfile.lock. Run 'pod install' or update your CocoaPods installation.\" >&2\n    exit 1\nfi\n# This output is used by Xcode 'outputs' to avoid re-running this script phase.\necho \"SUCCESS\" > \"${SCRIPT_OUTPUT_FILE_0}\"\n";
			showEnvVarsInLog = 0;
		};
		EA56FBA235E1FB4EEF27638E /* [CP] Embed Pods Frameworks */ = {
			isa = PBXShellScriptBuildPhase;
			buildActionMask = 2147483647;
			files = (
			);
			inputPaths = (
				"${SRCROOT}/Pods/Target Support Files/Pods-HungryPals/Pods-HungryPals-frameworks.sh",
				"${BUILT_PRODUCTS_DIR}/Alamofire/Alamofire.framework",
				"${BUILT_PRODUCTS_DIR}/Bolts/Bolts.framework",
				"${BUILT_PRODUCTS_DIR}/FBSDKCoreKit/FBSDKCoreKit.framework",
				"${BUILT_PRODUCTS_DIR}/FBSDKLoginKit/FBSDKLoginKit.framework",
				"${BUILT_PRODUCTS_DIR}/FBSDKShareKit/FBSDKShareKit.framework",
				"${BUILT_PRODUCTS_DIR}/FacebookCore/FacebookCore.framework",
				"${BUILT_PRODUCTS_DIR}/FacebookLogin/FacebookLogin.framework",
				"${BUILT_PRODUCTS_DIR}/FacebookShare/FacebookShare.framework",
			);
			name = "[CP] Embed Pods Frameworks";
			outputPaths = (
				"${TARGET_BUILD_DIR}/${FRAMEWORKS_FOLDER_PATH}/Alamofire.framework",
				"${TARGET_BUILD_DIR}/${FRAMEWORKS_FOLDER_PATH}/Bolts.framework",
				"${TARGET_BUILD_DIR}/${FRAMEWORKS_FOLDER_PATH}/FBSDKCoreKit.framework",
				"${TARGET_BUILD_DIR}/${FRAMEWORKS_FOLDER_PATH}/FBSDKLoginKit.framework",
				"${TARGET_BUILD_DIR}/${FRAMEWORKS_FOLDER_PATH}/FBSDKShareKit.framework",
				"${TARGET_BUILD_DIR}/${FRAMEWORKS_FOLDER_PATH}/FacebookCore.framework",
				"${TARGET_BUILD_DIR}/${FRAMEWORKS_FOLDER_PATH}/FacebookLogin.framework",
				"${TARGET_BUILD_DIR}/${FRAMEWORKS_FOLDER_PATH}/FacebookShare.framework",
			);
			runOnlyForDeploymentPostprocessing = 0;
			shellPath = /bin/sh;
			shellScript = "\"${SRCROOT}/Pods/Target Support Files/Pods-HungryPals/Pods-HungryPals-frameworks.sh\"\n";
			showEnvVarsInLog = 0;
		};
		F26B8AB86A95DF749FD4BA1F /* [CP] Embed Pods Frameworks */ = {
			isa = PBXShellScriptBuildPhase;
			buildActionMask = 2147483647;
			files = (
			);
			inputPaths = (
			);
			name = "[CP] Embed Pods Frameworks";
			outputPaths = (
			);
			runOnlyForDeploymentPostprocessing = 0;
			shellPath = /bin/sh;
			shellScript = "\"${SRCROOT}/Pods/Target Support Files/Pods-HungryPalsUITests/Pods-HungryPalsUITests-frameworks.sh\"\n";
			showEnvVarsInLog = 0;
		};
		FFE53C64A47F55F33E34E110 /* [CP] Check Pods Manifest.lock */ = {
			isa = PBXShellScriptBuildPhase;
			buildActionMask = 2147483647;
			files = (
			);
			inputPaths = (
				"${PODS_PODFILE_DIR_PATH}/Podfile.lock",
				"${PODS_ROOT}/Manifest.lock",
			);
			name = "[CP] Check Pods Manifest.lock";
			outputPaths = (
				"$(DERIVED_FILE_DIR)/Pods-HungryPalsUITests-checkManifestLockResult.txt",
			);
			runOnlyForDeploymentPostprocessing = 0;
			shellPath = /bin/sh;
			shellScript = "diff \"${PODS_PODFILE_DIR_PATH}/Podfile.lock\" \"${PODS_ROOT}/Manifest.lock\" > /dev/null\nif [ $? != 0 ] ; then\n    # print error to STDERR\n    echo \"error: The sandbox is not in sync with the Podfile.lock. Run 'pod install' or update your CocoaPods installation.\" >&2\n    exit 1\nfi\n# This output is used by Xcode 'outputs' to avoid re-running this script phase.\necho \"SUCCESS\" > \"${SCRIPT_OUTPUT_FILE_0}\"\n";
			showEnvVarsInLog = 0;
		};
/* End PBXShellScriptBuildPhase section */

/* Begin PBXSourcesBuildPhase section */
		F630868520477EEB000AF99F /* Sources */ = {
			isa = PBXSourcesBuildPhase;
			buildActionMask = 2147483647;
			files = (
				2FAD07DE20559CED002EBBFA /* FormViewController2.swift in Sources */,
				F630868D20477EEB000AF99F /* AppDelegate.swift in Sources */,
				EF9B9C59204FBAD0003B574B /* AccountViewController.swift in Sources */,
				F63086BD2047806D000AF99F /* ThirdViewController.swift in Sources */,
				EF236E5E2053AF8F00E8E741 /* PreferenceTableViewController.swift in Sources */,
				EF3492E920492A510014A9C2 /* LoginViewController.swift in Sources */,
				EF9B9C57204FB49A003B574B /* AppData.swift in Sources */,
				1F773A652050A5BD000F14DA /* DataModels.swift in Sources */,
				EF236E852053B9EA00E8E741 /* AccountPreferenceViewController.swift in Sources */,
				EF9C1C442051C70900C9A3D4 /* PreferenceViewController.swift in Sources */,
				EF9C1C462051C75300C9A3D4 /* PreferenceTableViewCell.swift in Sources */,
				1F11CFC6205477D300F06DA6 /* HomeViewController.swift in Sources */,
				2FAD07E120559D47002EBBFA /* ResultsViewController.swift in Sources */,
				27BE519520587D19007F078D /* DirectMsgViewController.swift in Sources */,
				1F3A763A204D249600E8A34A /* PostViewController.swift in Sources */,
			);
			runOnlyForDeploymentPostprocessing = 0;
		};
		F630869B20477EEB000AF99F /* Sources */ = {
			isa = PBXSourcesBuildPhase;
			buildActionMask = 2147483647;
			files = (
				F63086A420477EEB000AF99F /* HungryPalsTests.swift in Sources */,
			);
			runOnlyForDeploymentPostprocessing = 0;
		};
		F63086A620477EEB000AF99F /* Sources */ = {
			isa = PBXSourcesBuildPhase;
			buildActionMask = 2147483647;
			files = (
				F63086AF20477EEB000AF99F /* HungryPalsUITests.swift in Sources */,
			);
			runOnlyForDeploymentPostprocessing = 0;
		};
/* End PBXSourcesBuildPhase section */

/* Begin PBXTargetDependency section */
		F63086A120477EEB000AF99F /* PBXTargetDependency */ = {
			isa = PBXTargetDependency;
			target = F630868820477EEB000AF99F /* HungryPals */;
			targetProxy = F63086A020477EEB000AF99F /* PBXContainerItemProxy */;
		};
		F63086AC20477EEB000AF99F /* PBXTargetDependency */ = {
			isa = PBXTargetDependency;
			target = F630868820477EEB000AF99F /* HungryPals */;
			targetProxy = F63086AB20477EEB000AF99F /* PBXContainerItemProxy */;
		};
/* End PBXTargetDependency section */

/* Begin PBXVariantGroup section */
		F630869220477EEB000AF99F /* Main.storyboard */ = {
			isa = PBXVariantGroup;
			children = (
				F630869320477EEB000AF99F /* Base */,
			);
			name = Main.storyboard;
			sourceTree = "<group>";
		};
		F630869720477EEB000AF99F /* LaunchScreen.storyboard */ = {
			isa = PBXVariantGroup;
			children = (
				F630869820477EEB000AF99F /* Base */,
			);
			name = LaunchScreen.storyboard;
			sourceTree = "<group>";
		};
/* End PBXVariantGroup section */

/* Begin XCBuildConfiguration section */
		F63086B120477EEB000AF99F /* Debug */ = {
			isa = XCBuildConfiguration;
			buildSettings = {
				ALWAYS_SEARCH_USER_PATHS = NO;
				CLANG_ANALYZER_NONNULL = YES;
				CLANG_ANALYZER_NUMBER_OBJECT_CONVERSION = YES_AGGRESSIVE;
				CLANG_CXX_LANGUAGE_STANDARD = "gnu++14";
				CLANG_CXX_LIBRARY = "libc++";
				CLANG_ENABLE_MODULES = YES;
				CLANG_ENABLE_OBJC_ARC = YES;
				CLANG_WARN_BLOCK_CAPTURE_AUTORELEASING = YES;
				CLANG_WARN_BOOL_CONVERSION = YES;
				CLANG_WARN_COMMA = YES;
				CLANG_WARN_CONSTANT_CONVERSION = YES;
				CLANG_WARN_DIRECT_OBJC_ISA_USAGE = YES_ERROR;
				CLANG_WARN_DOCUMENTATION_COMMENTS = YES;
				CLANG_WARN_EMPTY_BODY = YES;
				CLANG_WARN_ENUM_CONVERSION = YES;
				CLANG_WARN_INFINITE_RECURSION = YES;
				CLANG_WARN_INT_CONVERSION = YES;
				CLANG_WARN_NON_LITERAL_NULL_CONVERSION = YES;
				CLANG_WARN_OBJC_LITERAL_CONVERSION = YES;
				CLANG_WARN_OBJC_ROOT_CLASS = YES_ERROR;
				CLANG_WARN_RANGE_LOOP_ANALYSIS = YES;
				CLANG_WARN_STRICT_PROTOTYPES = YES;
				CLANG_WARN_SUSPICIOUS_MOVE = YES;
				CLANG_WARN_UNGUARDED_AVAILABILITY = YES_AGGRESSIVE;
				CLANG_WARN_UNREACHABLE_CODE = YES;
				CLANG_WARN__DUPLICATE_METHOD_MATCH = YES;
				CODE_SIGN_IDENTITY = "iPhone Developer";
				COPY_PHASE_STRIP = NO;
				DEBUG_INFORMATION_FORMAT = dwarf;
				ENABLE_STRICT_OBJC_MSGSEND = YES;
				ENABLE_TESTABILITY = YES;
				GCC_C_LANGUAGE_STANDARD = gnu11;
				GCC_DYNAMIC_NO_PIC = NO;
				GCC_NO_COMMON_BLOCKS = YES;
				GCC_OPTIMIZATION_LEVEL = 0;
				GCC_PREPROCESSOR_DEFINITIONS = (
					"DEBUG=1",
					"$(inherited)",
				);
				GCC_WARN_64_TO_32_BIT_CONVERSION = YES;
				GCC_WARN_ABOUT_RETURN_TYPE = YES_ERROR;
				GCC_WARN_UNDECLARED_SELECTOR = YES;
				GCC_WARN_UNINITIALIZED_AUTOS = YES_AGGRESSIVE;
				GCC_WARN_UNUSED_FUNCTION = YES;
				GCC_WARN_UNUSED_VARIABLE = YES;
				IPHONEOS_DEPLOYMENT_TARGET = 11.2;
				MTL_ENABLE_DEBUG_INFO = YES;
				ONLY_ACTIVE_ARCH = YES;
				SDKROOT = iphoneos;
				SWIFT_ACTIVE_COMPILATION_CONDITIONS = DEBUG;
				SWIFT_OPTIMIZATION_LEVEL = "-Onone";
			};
			name = Debug;
		};
		F63086B220477EEB000AF99F /* Release */ = {
			isa = XCBuildConfiguration;
			buildSettings = {
				ALWAYS_SEARCH_USER_PATHS = NO;
				CLANG_ANALYZER_NONNULL = YES;
				CLANG_ANALYZER_NUMBER_OBJECT_CONVERSION = YES_AGGRESSIVE;
				CLANG_CXX_LANGUAGE_STANDARD = "gnu++14";
				CLANG_CXX_LIBRARY = "libc++";
				CLANG_ENABLE_MODULES = YES;
				CLANG_ENABLE_OBJC_ARC = YES;
				CLANG_WARN_BLOCK_CAPTURE_AUTORELEASING = YES;
				CLANG_WARN_BOOL_CONVERSION = YES;
				CLANG_WARN_COMMA = YES;
				CLANG_WARN_CONSTANT_CONVERSION = YES;
				CLANG_WARN_DIRECT_OBJC_ISA_USAGE = YES_ERROR;
				CLANG_WARN_DOCUMENTATION_COMMENTS = YES;
				CLANG_WARN_EMPTY_BODY = YES;
				CLANG_WARN_ENUM_CONVERSION = YES;
				CLANG_WARN_INFINITE_RECURSION = YES;
				CLANG_WARN_INT_CONVERSION = YES;
				CLANG_WARN_NON_LITERAL_NULL_CONVERSION = YES;
				CLANG_WARN_OBJC_LITERAL_CONVERSION = YES;
				CLANG_WARN_OBJC_ROOT_CLASS = YES_ERROR;
				CLANG_WARN_RANGE_LOOP_ANALYSIS = YES;
				CLANG_WARN_STRICT_PROTOTYPES = YES;
				CLANG_WARN_SUSPICIOUS_MOVE = YES;
				CLANG_WARN_UNGUARDED_AVAILABILITY = YES_AGGRESSIVE;
				CLANG_WARN_UNREACHABLE_CODE = YES;
				CLANG_WARN__DUPLICATE_METHOD_MATCH = YES;
				CODE_SIGN_IDENTITY = "iPhone Developer";
				COPY_PHASE_STRIP = NO;
				DEBUG_INFORMATION_FORMAT = "dwarf-with-dsym";
				ENABLE_NS_ASSERTIONS = NO;
				ENABLE_STRICT_OBJC_MSGSEND = YES;
				GCC_C_LANGUAGE_STANDARD = gnu11;
				GCC_NO_COMMON_BLOCKS = YES;
				GCC_WARN_64_TO_32_BIT_CONVERSION = YES;
				GCC_WARN_ABOUT_RETURN_TYPE = YES_ERROR;
				GCC_WARN_UNDECLARED_SELECTOR = YES;
				GCC_WARN_UNINITIALIZED_AUTOS = YES_AGGRESSIVE;
				GCC_WARN_UNUSED_FUNCTION = YES;
				GCC_WARN_UNUSED_VARIABLE = YES;
				IPHONEOS_DEPLOYMENT_TARGET = 11.2;
				MTL_ENABLE_DEBUG_INFO = NO;
				SDKROOT = iphoneos;
				SWIFT_OPTIMIZATION_LEVEL = "-Owholemodule";
				VALIDATE_PRODUCT = YES;
			};
			name = Release;
		};
		F63086B420477EEB000AF99F /* Debug */ = {
			isa = XCBuildConfiguration;
			baseConfigurationReference = C342D9CF3398A1FB59A21F2B /* Pods-HungryPals.debug.xcconfig */;
			buildSettings = {
				ASSETCATALOG_COMPILER_APPICON_NAME = AppIcon;
				CODE_SIGN_ENTITLEMENTS = HungryPals/HungryPals.entitlements;
				"CODE_SIGN_IDENTITY[sdk=iphoneos*]" = "iPhone Developer";
				CODE_SIGN_STYLE = Automatic;
				DEVELOPMENT_TEAM = 6UZHVQ52BK;
				INFOPLIST_FILE = HungryPals/Info.plist;
				IPHONEOS_DEPLOYMENT_TARGET = 11.1;
				LD_RUNPATH_SEARCH_PATHS = "$(inherited) @executable_path/Frameworks";
				PRODUCT_BUNDLE_IDENTIFIER = edu.uw.ischool.loners.HungryPals;
				PRODUCT_NAME = "$(TARGET_NAME)";
				PROVISIONING_PROFILE_SPECIFIER = "";
				SWIFT_VERSION = 4.0;
				TARGETED_DEVICE_FAMILY = "1,2";
			};
			name = Debug;
		};
		F63086B520477EEB000AF99F /* Release */ = {
			isa = XCBuildConfiguration;
			baseConfigurationReference = 181C81BEEE14E98D1F83177B /* Pods-HungryPals.release.xcconfig */;
			buildSettings = {
				ASSETCATALOG_COMPILER_APPICON_NAME = AppIcon;
				CODE_SIGN_ENTITLEMENTS = HungryPals/HungryPals.entitlements;
				"CODE_SIGN_IDENTITY[sdk=iphoneos*]" = "iPhone Developer";
				CODE_SIGN_STYLE = Automatic;
				DEVELOPMENT_TEAM = 6UZHVQ52BK;
				INFOPLIST_FILE = HungryPals/Info.plist;
				IPHONEOS_DEPLOYMENT_TARGET = 11.1;
				LD_RUNPATH_SEARCH_PATHS = "$(inherited) @executable_path/Frameworks";
				PRODUCT_BUNDLE_IDENTIFIER = edu.uw.ischool.loners.HungryPals;
				PRODUCT_NAME = "$(TARGET_NAME)";
				PROVISIONING_PROFILE_SPECIFIER = "";
				SWIFT_VERSION = 4.0;
				TARGETED_DEVICE_FAMILY = "1,2";
			};
			name = Release;
		};
		F63086B720477EEB000AF99F /* Debug */ = {
			isa = XCBuildConfiguration;
			baseConfigurationReference = A50139DA39FBE19748C2C775 /* Pods-HungryPalsTests.debug.xcconfig */;
			buildSettings = {
				ALWAYS_EMBED_SWIFT_STANDARD_LIBRARIES = YES;
				BUNDLE_LOADER = "$(TEST_HOST)";
				CODE_SIGN_STYLE = Automatic;
				INFOPLIST_FILE = HungryPalsTests/Info.plist;
				LD_RUNPATH_SEARCH_PATHS = "$(inherited) @executable_path/Frameworks @loader_path/Frameworks";
				PRODUCT_BUNDLE_IDENTIFIER = "edu.uw.ischool.-loners.HungryPalsTests";
				PRODUCT_NAME = "$(TARGET_NAME)";
				SWIFT_VERSION = 4.0;
				TARGETED_DEVICE_FAMILY = "1,2";
				TEST_HOST = "$(BUILT_PRODUCTS_DIR)/HungryPals.app/HungryPals";
			};
			name = Debug;
		};
		F63086B820477EEB000AF99F /* Release */ = {
			isa = XCBuildConfiguration;
			baseConfigurationReference = 538897D050DD65B8889B7A76 /* Pods-HungryPalsTests.release.xcconfig */;
			buildSettings = {
				ALWAYS_EMBED_SWIFT_STANDARD_LIBRARIES = YES;
				BUNDLE_LOADER = "$(TEST_HOST)";
				CODE_SIGN_STYLE = Automatic;
				INFOPLIST_FILE = HungryPalsTests/Info.plist;
				LD_RUNPATH_SEARCH_PATHS = "$(inherited) @executable_path/Frameworks @loader_path/Frameworks";
				PRODUCT_BUNDLE_IDENTIFIER = "edu.uw.ischool.-loners.HungryPalsTests";
				PRODUCT_NAME = "$(TARGET_NAME)";
				SWIFT_VERSION = 4.0;
				TARGETED_DEVICE_FAMILY = "1,2";
				TEST_HOST = "$(BUILT_PRODUCTS_DIR)/HungryPals.app/HungryPals";
			};
			name = Release;
		};
		F63086BA20477EEB000AF99F /* Debug */ = {
			isa = XCBuildConfiguration;
			baseConfigurationReference = 449DB918AF1FE43AE43AAC2B /* Pods-HungryPalsUITests.debug.xcconfig */;
			buildSettings = {
				ALWAYS_EMBED_SWIFT_STANDARD_LIBRARIES = YES;
				CODE_SIGN_STYLE = Automatic;
				INFOPLIST_FILE = HungryPalsUITests/Info.plist;
				LD_RUNPATH_SEARCH_PATHS = "$(inherited) @executable_path/Frameworks @loader_path/Frameworks";
				PRODUCT_BUNDLE_IDENTIFIER = "edu.uw.ischool.-loners.HungryPalsUITests";
				PRODUCT_NAME = "$(TARGET_NAME)";
				SWIFT_VERSION = 4.0;
				TARGETED_DEVICE_FAMILY = "1,2";
				TEST_TARGET_NAME = HungryPals;
			};
			name = Debug;
		};
		F63086BB20477EEB000AF99F /* Release */ = {
			isa = XCBuildConfiguration;
			baseConfigurationReference = 888164A4D47AEAA386573761 /* Pods-HungryPalsUITests.release.xcconfig */;
			buildSettings = {
				ALWAYS_EMBED_SWIFT_STANDARD_LIBRARIES = YES;
				CODE_SIGN_STYLE = Automatic;
				INFOPLIST_FILE = HungryPalsUITests/Info.plist;
				LD_RUNPATH_SEARCH_PATHS = "$(inherited) @executable_path/Frameworks @loader_path/Frameworks";
				PRODUCT_BUNDLE_IDENTIFIER = "edu.uw.ischool.-loners.HungryPalsUITests";
				PRODUCT_NAME = "$(TARGET_NAME)";
				SWIFT_VERSION = 4.0;
				TARGETED_DEVICE_FAMILY = "1,2";
				TEST_TARGET_NAME = HungryPals;
			};
			name = Release;
		};
/* End XCBuildConfiguration section */

/* Begin XCConfigurationList section */
		F630868420477EEB000AF99F /* Build configuration list for PBXProject "HungryPals" */ = {
			isa = XCConfigurationList;
			buildConfigurations = (
				F63086B120477EEB000AF99F /* Debug */,
				F63086B220477EEB000AF99F /* Release */,
			);
			defaultConfigurationIsVisible = 0;
			defaultConfigurationName = Release;
		};
		F63086B320477EEB000AF99F /* Build configuration list for PBXNativeTarget "HungryPals" */ = {
			isa = XCConfigurationList;
			buildConfigurations = (
				F63086B420477EEB000AF99F /* Debug */,
				F63086B520477EEB000AF99F /* Release */,
			);
			defaultConfigurationIsVisible = 0;
			defaultConfigurationName = Release;
		};
		F63086B620477EEB000AF99F /* Build configuration list for PBXNativeTarget "HungryPalsTests" */ = {
			isa = XCConfigurationList;
			buildConfigurations = (
				F63086B720477EEB000AF99F /* Debug */,
				F63086B820477EEB000AF99F /* Release */,
			);
			defaultConfigurationIsVisible = 0;
			defaultConfigurationName = Release;
		};
		F63086B920477EEB000AF99F /* Build configuration list for PBXNativeTarget "HungryPalsUITests" */ = {
			isa = XCConfigurationList;
			buildConfigurations = (
				F63086BA20477EEB000AF99F /* Debug */,
				F63086BB20477EEB000AF99F /* Release */,
			);
			defaultConfigurationIsVisible = 0;
			defaultConfigurationName = Release;
		};
/* End XCConfigurationList section */
	};
	rootObject = F630868120477EEB000AF99F /* Project object */;
}
